// !$*UTF8*$!
{
	archiveVersion = 1;
	classes = {
	};
	objectVersion = 46;
	objects = {

/* Begin PBXBuildFile section */
		ABD251891A4994DD00BB4BFC /* TSPageBuilder.h in Headers */ = {isa = PBXBuildFile; fileRef = ABD251881A4994DD00BB4BFC /* TSPageBuilder.h */; settings = {ATTRIBUTES = (Public, ); }; };
		ABD2518F1A4994DD00BB4BFC /* TSPageBuilder.framework in Frameworks */ = {isa = PBXBuildFile; fileRef = ABD251831A4994DD00BB4BFC /* TSPageBuilder.framework */; };
		ABD251961A4994DD00BB4BFC /* TSPageBuilderTests.m in Sources */ = {isa = PBXBuildFile; fileRef = ABD251951A4994DD00BB4BFC /* TSPageBuilderTests.m */; };
		ABD251AE1A4995DF00BB4BFC /* TSPageBuilder.m in Sources */ = {isa = PBXBuildFile; fileRef = ABD2519F1A4995DF00BB4BFC /* TSPageBuilder.m */; };
		ABD251AF1A4995DF00BB4BFC /* TSPageDoubleAggregator.h in Headers */ = {isa = PBXBuildFile; fileRef = ABD251A01A4995DF00BB4BFC /* TSPageDoubleAggregator.h */; settings = {ATTRIBUTES = (Public, ); }; };
		ABD251B01A4995DF00BB4BFC /* TSPageDoubleAggregator.m in Sources */ = {isa = PBXBuildFile; fileRef = ABD251A11A4995DF00BB4BFC /* TSPageDoubleAggregator.m */; };
		ABD251B11A4995DF00BB4BFC /* TSPageImageItem.h in Headers */ = {isa = PBXBuildFile; fileRef = ABD251A21A4995DF00BB4BFC /* TSPageImageItem.h */; settings = {ATTRIBUTES = (Public, ); }; };
		ABD251B21A4995DF00BB4BFC /* TSPageImageItem.m in Sources */ = {isa = PBXBuildFile; fileRef = ABD251A31A4995DF00BB4BFC /* TSPageImageItem.m */; };
		ABD251B31A4995DF00BB4BFC /* TSPageItem.h in Headers */ = {isa = PBXBuildFile; fileRef = ABD251A41A4995DF00BB4BFC /* TSPageItem.h */; settings = {ATTRIBUTES = (Public, ); }; };
		ABD251B41A4995DF00BB4BFC /* TSPageItem.m in Sources */ = {isa = PBXBuildFile; fileRef = ABD251A51A4995DF00BB4BFC /* TSPageItem.m */; };
		ABD251B51A4995DF00BB4BFC /* TSPageSpacingAggregator.h in Headers */ = {isa = PBXBuildFile; fileRef = ABD251A61A4995DF00BB4BFC /* TSPageSpacingAggregator.h */; settings = {ATTRIBUTES = (Public, ); }; };
		ABD251B61A4995DF00BB4BFC /* TSPageSpacingAggregator.m in Sources */ = {isa = PBXBuildFile; fileRef = ABD251A71A4995DF00BB4BFC /* TSPageSpacingAggregator.m */; };
		ABD251B71A4995DF00BB4BFC /* TSPageTextItem.h in Headers */ = {isa = PBXBuildFile; fileRef = ABD251A81A4995DF00BB4BFC /* TSPageTextItem.h */; settings = {ATTRIBUTES = (Public, ); }; };
		ABD251B81A4995DF00BB4BFC /* TSPageTextItem.m in Sources */ = {isa = PBXBuildFile; fileRef = ABD251A91A4995DF00BB4BFC /* TSPageTextItem.m */; };
		ABD251B91A4995DF00BB4BFC /* TSPDFDocument.h in Headers */ = {isa = PBXBuildFile; fileRef = ABD251AA1A4995DF00BB4BFC /* TSPDFDocument.h */; settings = {ATTRIBUTES = (Public, ); }; };
		ABD251BA1A4995DF00BB4BFC /* TSPDFDocument.m in Sources */ = {isa = PBXBuildFile; fileRef = ABD251AB1A4995DF00BB4BFC /* TSPDFDocument.m */; };
		ABD251BB1A4995DF00BB4BFC /* TSPDFPage.h in Headers */ = {isa = PBXBuildFile; fileRef = ABD251AC1A4995DF00BB4BFC /* TSPDFPage.h */; settings = {ATTRIBUTES = (Public, ); }; };
		ABD251BC1A4995DF00BB4BFC /* TSPDFPage.m in Sources */ = {isa = PBXBuildFile; fileRef = ABD251AD1A4995DF00BB4BFC /* TSPDFPage.m */; };
		ABD251CC1A4995F300BB4BFC /* NSAttributedString+PageBuilder.h in Headers */ = {isa = PBXBuildFile; fileRef = ABD251BE1A4995F300BB4BFC /* NSAttributedString+PageBuilder.h */; settings = {ATTRIBUTES = (Public, ); }; };
		ABD251CD1A4995F300BB4BFC /* NSAttributedString+PageBuilder.m in Sources */ = {isa = PBXBuildFile; fileRef = ABD251BF1A4995F300BB4BFC /* NSAttributedString+PageBuilder.m */; };
		ABD251CE1A4995F300BB4BFC /* NSColor+PageBuilder.h in Headers */ = {isa = PBXBuildFile; fileRef = ABD251C01A4995F300BB4BFC /* NSColor+PageBuilder.h */; settings = {ATTRIBUTES = (Public, ); }; };
		ABD251CF1A4995F300BB4BFC /* NSColor+PageBuilder.m in Sources */ = {isa = PBXBuildFile; fileRef = ABD251C11A4995F300BB4BFC /* NSColor+PageBuilder.m */; };
		ABD251D01A4995F300BB4BFC /* NSDate+PageBuilder.h in Headers */ = {isa = PBXBuildFile; fileRef = ABD251C21A4995F300BB4BFC /* NSDate+PageBuilder.h */; settings = {ATTRIBUTES = (Public, ); }; };
		ABD251D11A4995F300BB4BFC /* NSDate+PageBuilder.m in Sources */ = {isa = PBXBuildFile; fileRef = ABD251C31A4995F300BB4BFC /* NSDate+PageBuilder.m */; };
		ABD251D21A4995F300BB4BFC /* NSMutableArray+PageBuilder.h in Headers */ = {isa = PBXBuildFile; fileRef = ABD251C41A4995F300BB4BFC /* NSMutableArray+PageBuilder.h */; settings = {ATTRIBUTES = (Public, ); }; };
		ABD251D31A4995F300BB4BFC /* NSMutableArray+PageBuilder.m in Sources */ = {isa = PBXBuildFile; fileRef = ABD251C51A4995F300BB4BFC /* NSMutableArray+PageBuilder.m */; };
		ABD251D41A4995F300BB4BFC /* NSRegularExpression+PageBuilder.h in Headers */ = {isa = PBXBuildFile; fileRef = ABD251C61A4995F300BB4BFC /* NSRegularExpression+PageBuilder.h */; settings = {ATTRIBUTES = (Public, ); }; };
		ABD251D51A4995F300BB4BFC /* NSRegularExpression+PageBuilder.m in Sources */ = {isa = PBXBuildFile; fileRef = ABD251C71A4995F300BB4BFC /* NSRegularExpression+PageBuilder.m */; };
		ABD251D61A4995F300BB4BFC /* NSString+PageBuilder.h in Headers */ = {isa = PBXBuildFile; fileRef = ABD251C81A4995F300BB4BFC /* NSString+PageBuilder.h */; settings = {ATTRIBUTES = (Public, ); }; };
		ABD251D71A4995F300BB4BFC /* NSString+PageBuilder.m in Sources */ = {isa = PBXBuildFile; fileRef = ABD251C91A4995F300BB4BFC /* NSString+PageBuilder.m */; };
		ABD251D81A4995F300BB4BFC /* NSXMLElement+PageBuilder.h in Headers */ = {isa = PBXBuildFile; fileRef = ABD251CA1A4995F300BB4BFC /* NSXMLElement+PageBuilder.h */; settings = {ATTRIBUTES = (Public, ); }; };
		ABD251D91A4995F300BB4BFC /* NSXMLElement+PageBuilder.m in Sources */ = {isa = PBXBuildFile; fileRef = ABD251CB1A4995F300BB4BFC /* NSXMLElement+PageBuilder.m */; };
		ABD251DB1A49969C00BB4BFC /* Cocoa.framework in Frameworks */ = {isa = PBXBuildFile; fileRef = ABD251DA1A49969C00BB4BFC /* Cocoa.framework */; };
/* End PBXBuildFile section */

/* Begin PBXContainerItemProxy section */
		ABD251901A4994DD00BB4BFC /* PBXContainerItemProxy */ = {
			isa = PBXContainerItemProxy;
			containerPortal = ABD2517A1A4994DD00BB4BFC /* Project object */;
			proxyType = 1;
			remoteGlobalIDString = ABD251821A4994DD00BB4BFC;
			remoteInfo = TSPageBuilder;
		};
/* End PBXContainerItemProxy section */

/* Begin PBXFileReference section */
		ABD251831A4994DD00BB4BFC /* TSPageBuilder.framework */ = {isa = PBXFileReference; explicitFileType = wrapper.framework; includeInIndex = 0; path = TSPageBuilder.framework; sourceTree = BUILT_PRODUCTS_DIR; };
		ABD251871A4994DD00BB4BFC /* Info.plist */ = {isa = PBXFileReference; lastKnownFileType = text.plist.xml; path = Info.plist; sourceTree = "<group>"; };
		ABD251881A4994DD00BB4BFC /* TSPageBuilder.h */ = {isa = PBXFileReference; lastKnownFileType = sourcecode.c.h; path = TSPageBuilder.h; sourceTree = "<group>"; };
		ABD2518E1A4994DD00BB4BFC /* TSPageBuilderTests.xctest */ = {isa = PBXFileReference; explicitFileType = wrapper.cfbundle; includeInIndex = 0; path = TSPageBuilderTests.xctest; sourceTree = BUILT_PRODUCTS_DIR; };
		ABD251941A4994DD00BB4BFC /* Info.plist */ = {isa = PBXFileReference; lastKnownFileType = text.plist.xml; path = Info.plist; sourceTree = "<group>"; };
		ABD251951A4994DD00BB4BFC /* TSPageBuilderTests.m */ = {isa = PBXFileReference; lastKnownFileType = sourcecode.c.objc; path = TSPageBuilderTests.m; sourceTree = "<group>"; };
		ABD2519F1A4995DF00BB4BFC /* TSPageBuilder.m */ = {isa = PBXFileReference; fileEncoding = 4; lastKnownFileType = sourcecode.c.objc; path = TSPageBuilder.m; sourceTree = "<group>"; };
		ABD251A01A4995DF00BB4BFC /* TSPageDoubleAggregator.h */ = {isa = PBXFileReference; fileEncoding = 4; lastKnownFileType = sourcecode.c.h; path = TSPageDoubleAggregator.h; sourceTree = "<group>"; };
		ABD251A11A4995DF00BB4BFC /* TSPageDoubleAggregator.m */ = {isa = PBXFileReference; fileEncoding = 4; lastKnownFileType = sourcecode.c.objc; path = TSPageDoubleAggregator.m; sourceTree = "<group>"; };
		ABD251A21A4995DF00BB4BFC /* TSPageImageItem.h */ = {isa = PBXFileReference; fileEncoding = 4; lastKnownFileType = sourcecode.c.h; path = TSPageImageItem.h; sourceTree = "<group>"; };
		ABD251A31A4995DF00BB4BFC /* TSPageImageItem.m */ = {isa = PBXFileReference; fileEncoding = 4; lastKnownFileType = sourcecode.c.objc; path = TSPageImageItem.m; sourceTree = "<group>"; };
		ABD251A41A4995DF00BB4BFC /* TSPageItem.h */ = {isa = PBXFileReference; fileEncoding = 4; lastKnownFileType = sourcecode.c.h; path = TSPageItem.h; sourceTree = "<group>"; };
		ABD251A51A4995DF00BB4BFC /* TSPageItem.m */ = {isa = PBXFileReference; fileEncoding = 4; lastKnownFileType = sourcecode.c.objc; path = TSPageItem.m; sourceTree = "<group>"; };
		ABD251A61A4995DF00BB4BFC /* TSPageSpacingAggregator.h */ = {isa = PBXFileReference; fileEncoding = 4; lastKnownFileType = sourcecode.c.h; path = TSPageSpacingAggregator.h; sourceTree = "<group>"; };
		ABD251A71A4995DF00BB4BFC /* TSPageSpacingAggregator.m */ = {isa = PBXFileReference; fileEncoding = 4; lastKnownFileType = sourcecode.c.objc; path = TSPageSpacingAggregator.m; sourceTree = "<group>"; };
		ABD251A81A4995DF00BB4BFC /* TSPageTextItem.h */ = {isa = PBXFileReference; fileEncoding = 4; lastKnownFileType = sourcecode.c.h; path = TSPageTextItem.h; sourceTree = "<group>"; };
		ABD251A91A4995DF00BB4BFC /* TSPageTextItem.m */ = {isa = PBXFileReference; fileEncoding = 4; lastKnownFileType = sourcecode.c.objc; path = TSPageTextItem.m; sourceTree = "<group>"; };
		ABD251AA1A4995DF00BB4BFC /* TSPDFDocument.h */ = {isa = PBXFileReference; fileEncoding = 4; lastKnownFileType = sourcecode.c.h; path = TSPDFDocument.h; sourceTree = "<group>"; };
		ABD251AB1A4995DF00BB4BFC /* TSPDFDocument.m */ = {isa = PBXFileReference; fileEncoding = 4; lastKnownFileType = sourcecode.c.objc; path = TSPDFDocument.m; sourceTree = "<group>"; };
		ABD251AC1A4995DF00BB4BFC /* TSPDFPage.h */ = {isa = PBXFileReference; fileEncoding = 4; lastKnownFileType = sourcecode.c.h; path = TSPDFPage.h; sourceTree = "<group>"; };
		ABD251AD1A4995DF00BB4BFC /* TSPDFPage.m */ = {isa = PBXFileReference; fileEncoding = 4; lastKnownFileType = sourcecode.c.objc; path = TSPDFPage.m; sourceTree = "<group>"; };
		ABD251BE1A4995F300BB4BFC /* NSAttributedString+PageBuilder.h */ = {isa = PBXFileReference; fileEncoding = 4; lastKnownFileType = sourcecode.c.h; path = "NSAttributedString+PageBuilder.h"; sourceTree = "<group>"; };
		ABD251BF1A4995F300BB4BFC /* NSAttributedString+PageBuilder.m */ = {isa = PBXFileReference; fileEncoding = 4; lastKnownFileType = sourcecode.c.objc; path = "NSAttributedString+PageBuilder.m"; sourceTree = "<group>"; };
		ABD251C01A4995F300BB4BFC /* NSColor+PageBuilder.h */ = {isa = PBXFileReference; fileEncoding = 4; lastKnownFileType = sourcecode.c.h; path = "NSColor+PageBuilder.h"; sourceTree = "<group>"; };
		ABD251C11A4995F300BB4BFC /* NSColor+PageBuilder.m */ = {isa = PBXFileReference; fileEncoding = 4; lastKnownFileType = sourcecode.c.objc; path = "NSColor+PageBuilder.m"; sourceTree = "<group>"; };
		ABD251C21A4995F300BB4BFC /* NSDate+PageBuilder.h */ = {isa = PBXFileReference; fileEncoding = 4; lastKnownFileType = sourcecode.c.h; path = "NSDate+PageBuilder.h"; sourceTree = "<group>"; };
		ABD251C31A4995F300BB4BFC /* NSDate+PageBuilder.m */ = {isa = PBXFileReference; fileEncoding = 4; lastKnownFileType = sourcecode.c.objc; path = "NSDate+PageBuilder.m"; sourceTree = "<group>"; };
		ABD251C41A4995F300BB4BFC /* NSMutableArray+PageBuilder.h */ = {isa = PBXFileReference; fileEncoding = 4; lastKnownFileType = sourcecode.c.h; path = "NSMutableArray+PageBuilder.h"; sourceTree = "<group>"; };
		ABD251C51A4995F300BB4BFC /* NSMutableArray+PageBuilder.m */ = {isa = PBXFileReference; fileEncoding = 4; lastKnownFileType = sourcecode.c.objc; path = "NSMutableArray+PageBuilder.m"; sourceTree = "<group>"; };
		ABD251C61A4995F300BB4BFC /* NSRegularExpression+PageBuilder.h */ = {isa = PBXFileReference; fileEncoding = 4; lastKnownFileType = sourcecode.c.h; path = "NSRegularExpression+PageBuilder.h"; sourceTree = "<group>"; };
		ABD251C71A4995F300BB4BFC /* NSRegularExpression+PageBuilder.m */ = {isa = PBXFileReference; fileEncoding = 4; lastKnownFileType = sourcecode.c.objc; path = "NSRegularExpression+PageBuilder.m"; sourceTree = "<group>"; };
		ABD251C81A4995F300BB4BFC /* NSString+PageBuilder.h */ = {isa = PBXFileReference; fileEncoding = 4; lastKnownFileType = sourcecode.c.h; path = "NSString+PageBuilder.h"; sourceTree = "<group>"; };
		ABD251C91A4995F300BB4BFC /* NSString+PageBuilder.m */ = {isa = PBXFileReference; fileEncoding = 4; lastKnownFileType = sourcecode.c.objc; path = "NSString+PageBuilder.m"; sourceTree = "<group>"; };
		ABD251CA1A4995F300BB4BFC /* NSXMLElement+PageBuilder.h */ = {isa = PBXFileReference; fileEncoding = 4; lastKnownFileType = sourcecode.c.h; path = "NSXMLElement+PageBuilder.h"; sourceTree = "<group>"; };
		ABD251CB1A4995F300BB4BFC /* NSXMLElement+PageBuilder.m */ = {isa = PBXFileReference; fileEncoding = 4; lastKnownFileType = sourcecode.c.objc; path = "NSXMLElement+PageBuilder.m"; sourceTree = "<group>"; };
		ABD251DA1A49969C00BB4BFC /* Cocoa.framework */ = {isa = PBXFileReference; lastKnownFileType = wrapper.framework; name = Cocoa.framework; path = System/Library/Frameworks/Cocoa.framework; sourceTree = SDKROOT; };
/* End PBXFileReference section */

/* Begin PBXFrameworksBuildPhase section */
		ABD2517F1A4994DD00BB4BFC /* Frameworks */ = {
			isa = PBXFrameworksBuildPhase;
			buildActionMask = 2147483647;
			files = (
				ABD251DB1A49969C00BB4BFC /* Cocoa.framework in Frameworks */,
			);
			runOnlyForDeploymentPostprocessing = 0;
		};
		ABD2518B1A4994DD00BB4BFC /* Frameworks */ = {
			isa = PBXFrameworksBuildPhase;
			buildActionMask = 2147483647;
			files = (
				ABD2518F1A4994DD00BB4BFC /* TSPageBuilder.framework in Frameworks */,
			);
			runOnlyForDeploymentPostprocessing = 0;
		};
/* End PBXFrameworksBuildPhase section */

/* Begin PBXGroup section */
		ABD251791A4994DD00BB4BFC = {
			isa = PBXGroup;
			children = (
				ABD251DA1A49969C00BB4BFC /* Cocoa.framework */,
				ABD251851A4994DD00BB4BFC /* TSPageBuilder */,
				ABD251921A4994DD00BB4BFC /* TSPageBuilderTests */,
				ABD251841A4994DD00BB4BFC /* Products */,
			);
			sourceTree = "<group>";
		};
		ABD251841A4994DD00BB4BFC /* Products */ = {
			isa = PBXGroup;
			children = (
				ABD251831A4994DD00BB4BFC /* TSPageBuilder.framework */,
				ABD2518E1A4994DD00BB4BFC /* TSPageBuilderTests.xctest */,
			);
			name = Products;
			sourceTree = "<group>";
		};
		ABD251851A4994DD00BB4BFC /* TSPageBuilder */ = {
			isa = PBXGroup;
			children = (
				ABD251BD1A4995F300BB4BFC /* Categories */,
				ABD2519F1A4995DF00BB4BFC /* TSPageBuilder.m */,
				ABD251A01A4995DF00BB4BFC /* TSPageDoubleAggregator.h */,
				ABD251A11A4995DF00BB4BFC /* TSPageDoubleAggregator.m */,
				ABD251A21A4995DF00BB4BFC /* TSPageImageItem.h */,
				ABD251A31A4995DF00BB4BFC /* TSPageImageItem.m */,
				ABD251A41A4995DF00BB4BFC /* TSPageItem.h */,
				ABD251A51A4995DF00BB4BFC /* TSPageItem.m */,
				ABD251A61A4995DF00BB4BFC /* TSPageSpacingAggregator.h */,
				ABD251A71A4995DF00BB4BFC /* TSPageSpacingAggregator.m */,
				ABD251A81A4995DF00BB4BFC /* TSPageTextItem.h */,
				ABD251A91A4995DF00BB4BFC /* TSPageTextItem.m */,
				ABD251AA1A4995DF00BB4BFC /* TSPDFDocument.h */,
				ABD251AB1A4995DF00BB4BFC /* TSPDFDocument.m */,
				ABD251AC1A4995DF00BB4BFC /* TSPDFPage.h */,
				ABD251AD1A4995DF00BB4BFC /* TSPDFPage.m */,
				ABD251881A4994DD00BB4BFC /* TSPageBuilder.h */,
				ABD251861A4994DD00BB4BFC /* Supporting Files */,
			);
			path = TSPageBuilder;
			sourceTree = "<group>";
		};
		ABD251861A4994DD00BB4BFC /* Supporting Files */ = {
			isa = PBXGroup;
			children = (
				ABD251871A4994DD00BB4BFC /* Info.plist */,
			);
			name = "Supporting Files";
			sourceTree = "<group>";
		};
		ABD251921A4994DD00BB4BFC /* TSPageBuilderTests */ = {
			isa = PBXGroup;
			children = (
				ABD251951A4994DD00BB4BFC /* TSPageBuilderTests.m */,
				ABD251931A4994DD00BB4BFC /* Supporting Files */,
			);
			path = TSPageBuilderTests;
			sourceTree = "<group>";
		};
		ABD251931A4994DD00BB4BFC /* Supporting Files */ = {
			isa = PBXGroup;
			children = (
				ABD251941A4994DD00BB4BFC /* Info.plist */,
			);
			name = "Supporting Files";
			sourceTree = "<group>";
		};
		ABD251BD1A4995F300BB4BFC /* Categories */ = {
			isa = PBXGroup;
			children = (
				ABD251BE1A4995F300BB4BFC /* NSAttributedString+PageBuilder.h */,
				ABD251BF1A4995F300BB4BFC /* NSAttributedString+PageBuilder.m */,
				ABD251C01A4995F300BB4BFC /* NSColor+PageBuilder.h */,
				ABD251C11A4995F300BB4BFC /* NSColor+PageBuilder.m */,
				ABD251C21A4995F300BB4BFC /* NSDate+PageBuilder.h */,
				ABD251C31A4995F300BB4BFC /* NSDate+PageBuilder.m */,
				ABD251C41A4995F300BB4BFC /* NSMutableArray+PageBuilder.h */,
				ABD251C51A4995F300BB4BFC /* NSMutableArray+PageBuilder.m */,
				ABD251C61A4995F300BB4BFC /* NSRegularExpression+PageBuilder.h */,
				ABD251C71A4995F300BB4BFC /* NSRegularExpression+PageBuilder.m */,
				ABD251C81A4995F300BB4BFC /* NSString+PageBuilder.h */,
				ABD251C91A4995F300BB4BFC /* NSString+PageBuilder.m */,
				ABD251CA1A4995F300BB4BFC /* NSXMLElement+PageBuilder.h */,
				ABD251CB1A4995F300BB4BFC /* NSXMLElement+PageBuilder.m */,
			);
			path = Categories;
			sourceTree = "<group>";
		};
/* End PBXGroup section */

/* Begin PBXHeadersBuildPhase section */
		ABD251801A4994DD00BB4BFC /* Headers */ = {
			isa = PBXHeadersBuildPhase;
			buildActionMask = 2147483647;
			files = (
				ABD251B11A4995DF00BB4BFC /* TSPageImageItem.h in Headers */,
				ABD251D61A4995F300BB4BFC /* NSString+PageBuilder.h in Headers */,
				ABD251CC1A4995F300BB4BFC /* NSAttributedString+PageBuilder.h in Headers */,
				ABD251CE1A4995F300BB4BFC /* NSColor+PageBuilder.h in Headers */,
				ABD251B31A4995DF00BB4BFC /* TSPageItem.h in Headers */,
				ABD251B71A4995DF00BB4BFC /* TSPageTextItem.h in Headers */,
				ABD251D81A4995F300BB4BFC /* NSXMLElement+PageBuilder.h in Headers */,
				ABD251B91A4995DF00BB4BFC /* TSPDFDocument.h in Headers */,
				ABD251AF1A4995DF00BB4BFC /* TSPageDoubleAggregator.h in Headers */,
				ABD251D41A4995F300BB4BFC /* NSRegularExpression+PageBuilder.h in Headers */,
				ABD251B51A4995DF00BB4BFC /* TSPageSpacingAggregator.h in Headers */,
				ABD251BB1A4995DF00BB4BFC /* TSPDFPage.h in Headers */,
				ABD251D01A4995F300BB4BFC /* NSDate+PageBuilder.h in Headers */,
				ABD251D21A4995F300BB4BFC /* NSMutableArray+PageBuilder.h in Headers */,
				ABD251891A4994DD00BB4BFC /* TSPageBuilder.h in Headers */,
			);
			runOnlyForDeploymentPostprocessing = 0;
		};
/* End PBXHeadersBuildPhase section */

/* Begin PBXNativeTarget section */
		ABD251821A4994DD00BB4BFC /* TSPageBuilder */ = {
			isa = PBXNativeTarget;
			buildConfigurationList = ABD251991A4994DD00BB4BFC /* Build configuration list for PBXNativeTarget "TSPageBuilder" */;
			buildPhases = (
				ABD2517E1A4994DD00BB4BFC /* Sources */,
				ABD2517F1A4994DD00BB4BFC /* Frameworks */,
				ABD251801A4994DD00BB4BFC /* Headers */,
				ABD251811A4994DD00BB4BFC /* Resources */,
			);
			buildRules = (
			);
			dependencies = (
			);
			name = TSPageBuilder;
			productName = TSPageBuilder;
			productReference = ABD251831A4994DD00BB4BFC /* TSPageBuilder.framework */;
			productType = "com.apple.product-type.framework";
		};
		ABD2518D1A4994DD00BB4BFC /* TSPageBuilderTests */ = {
			isa = PBXNativeTarget;
			buildConfigurationList = ABD2519C1A4994DD00BB4BFC /* Build configuration list for PBXNativeTarget "TSPageBuilderTests" */;
			buildPhases = (
				ABD2518A1A4994DD00BB4BFC /* Sources */,
				ABD2518B1A4994DD00BB4BFC /* Frameworks */,
				ABD2518C1A4994DD00BB4BFC /* Resources */,
			);
			buildRules = (
			);
			dependencies = (
				ABD251911A4994DD00BB4BFC /* PBXTargetDependency */,
			);
			name = TSPageBuilderTests;
			productName = TSPageBuilderTests;
			productReference = ABD2518E1A4994DD00BB4BFC /* TSPageBuilderTests.xctest */;
			productType = "com.apple.product-type.bundle.unit-test";
		};
/* End PBXNativeTarget section */

/* Begin PBXProject section */
		ABD2517A1A4994DD00BB4BFC /* Project object */ = {
			isa = PBXProject;
			attributes = {
				LastUpgradeCheck = 0610;
				ORGANIZATIONNAME = "Thesaurus Software";
				TargetAttributes = {
					ABD251821A4994DD00BB4BFC = {
						CreatedOnToolsVersion = 6.1.1;
					};
					ABD2518D1A4994DD00BB4BFC = {
						CreatedOnToolsVersion = 6.1.1;
					};
				};
			};
			buildConfigurationList = ABD2517D1A4994DD00BB4BFC /* Build configuration list for PBXProject "TSPageBuilder" */;
			compatibilityVersion = "Xcode 3.2";
			developmentRegion = English;
			hasScannedForEncodings = 0;
			knownRegions = (
				en,
			);
			mainGroup = ABD251791A4994DD00BB4BFC;
			productRefGroup = ABD251841A4994DD00BB4BFC /* Products */;
			projectDirPath = "";
			projectRoot = "";
			targets = (
				ABD251821A4994DD00BB4BFC /* TSPageBuilder */,
				ABD2518D1A4994DD00BB4BFC /* TSPageBuilderTests */,
			);
		};
/* End PBXProject section */

/* Begin PBXResourcesBuildPhase section */
		ABD251811A4994DD00BB4BFC /* Resources */ = {
			isa = PBXResourcesBuildPhase;
			buildActionMask = 2147483647;
			files = (
			);
			runOnlyForDeploymentPostprocessing = 0;
		};
		ABD2518C1A4994DD00BB4BFC /* Resources */ = {
			isa = PBXResourcesBuildPhase;
			buildActionMask = 2147483647;
			files = (
			);
			runOnlyForDeploymentPostprocessing = 0;
		};
/* End PBXResourcesBuildPhase section */

/* Begin PBXSourcesBuildPhase section */
		ABD2517E1A4994DD00BB4BFC /* Sources */ = {
			isa = PBXSourcesBuildPhase;
			buildActionMask = 2147483647;
			files = (
				ABD251D31A4995F300BB4BFC /* NSMutableArray+PageBuilder.m in Sources */,
				ABD251D91A4995F300BB4BFC /* NSXMLElement+PageBuilder.m in Sources */,
				ABD251B21A4995DF00BB4BFC /* TSPageImageItem.m in Sources */,
				ABD251D71A4995F300BB4BFC /* NSString+PageBuilder.m in Sources */,
				ABD251AE1A4995DF00BB4BFC /* TSPageBuilder.m in Sources */,
				ABD251CD1A4995F300BB4BFC /* NSAttributedString+PageBuilder.m in Sources */,
				ABD251B41A4995DF00BB4BFC /* TSPageItem.m in Sources */,
				ABD251B81A4995DF00BB4BFC /* TSPageTextItem.m in Sources */,
				ABD251BC1A4995DF00BB4BFC /* TSPDFPage.m in Sources */,
				ABD251B01A4995DF00BB4BFC /* TSPageDoubleAggregator.m in Sources */,
				ABD251CF1A4995F300BB4BFC /* NSColor+PageBuilder.m in Sources */,
				ABD251B61A4995DF00BB4BFC /* TSPageSpacingAggregator.m in Sources */,
				ABD251D51A4995F300BB4BFC /* NSRegularExpression+PageBuilder.m in Sources */,
				ABD251D11A4995F300BB4BFC /* NSDate+PageBuilder.m in Sources */,
				ABD251BA1A4995DF00BB4BFC /* TSPDFDocument.m in Sources */,
			);
			runOnlyForDeploymentPostprocessing = 0;
		};
		ABD2518A1A4994DD00BB4BFC /* Sources */ = {
			isa = PBXSourcesBuildPhase;
			buildActionMask = 2147483647;
			files = (
				ABD251961A4994DD00BB4BFC /* TSPageBuilderTests.m in Sources */,
			);
			runOnlyForDeploymentPostprocessing = 0;
		};
/* End PBXSourcesBuildPhase section */

/* Begin PBXTargetDependency section */
		ABD251911A4994DD00BB4BFC /* PBXTargetDependency */ = {
			isa = PBXTargetDependency;
			target = ABD251821A4994DD00BB4BFC /* TSPageBuilder */;
			targetProxy = ABD251901A4994DD00BB4BFC /* PBXContainerItemProxy */;
		};
/* End PBXTargetDependency section */

/* Begin XCBuildConfiguration section */
		ABD251971A4994DD00BB4BFC /* Debug */ = {
			isa = XCBuildConfiguration;
			buildSettings = {
				ALWAYS_SEARCH_USER_PATHS = NO;
				CLANG_CXX_LANGUAGE_STANDARD = "gnu++0x";
				CLANG_CXX_LIBRARY = "libc++";
				CLANG_ENABLE_MODULES = YES;
				CLANG_ENABLE_OBJC_ARC = YES;
				CLANG_WARN_BOOL_CONVERSION = YES;
				CLANG_WARN_CONSTANT_CONVERSION = YES;
				CLANG_WARN_DIRECT_OBJC_ISA_USAGE = YES_ERROR;
				CLANG_WARN_EMPTY_BODY = YES;
				CLANG_WARN_ENUM_CONVERSION = YES;
				CLANG_WARN_INT_CONVERSION = YES;
				CLANG_WARN_OBJC_ROOT_CLASS = YES_ERROR;
				CLANG_WARN_UNREACHABLE_CODE = YES;
				CLANG_WARN__DUPLICATE_METHOD_MATCH = YES;
				COPY_PHASE_STRIP = NO;
				CURRENT_PROJECT_VERSION = 1;
				ENABLE_STRICT_OBJC_MSGSEND = YES;
				GCC_C_LANGUAGE_STANDARD = gnu99;
				GCC_DYNAMIC_NO_PIC = NO;
				GCC_OPTIMIZATION_LEVEL = 0;
				GCC_PREPROCESSOR_DEFINITIONS = (
					"DEBUG=1",
					"$(inherited)",
				);
				GCC_SYMBOLS_PRIVATE_EXTERN = NO;
				GCC_WARN_64_TO_32_BIT_CONVERSION = YES;
				GCC_WARN_ABOUT_RETURN_TYPE = YES_ERROR;
				GCC_WARN_UNDECLARED_SELECTOR = YES;
				GCC_WARN_UNINITIALIZED_AUTOS = YES_AGGRESSIVE;
				GCC_WARN_UNUSED_FUNCTION = YES;
				GCC_WARN_UNUSED_VARIABLE = YES;
				LD_RUNPATH_SEARCH_PATHS = "@executable_path/../Frameworks @loader_path/../Frameworks";
				MACOSX_DEPLOYMENT_TARGET = 10.9;
				MTL_ENABLE_DEBUG_INFO = YES;
				ONLY_ACTIVE_ARCH = YES;
				SDKROOT = macosx10.9;
				VERSIONING_SYSTEM = "apple-generic";
				VERSION_INFO_PREFIX = "";
			};
			name = Debug;
		};
		ABD251981A4994DD00BB4BFC /* Release */ = {
			isa = XCBuildConfiguration;
			buildSettings = {
				ALWAYS_SEARCH_USER_PATHS = NO;
				CLANG_CXX_LANGUAGE_STANDARD = "gnu++0x";
				CLANG_CXX_LIBRARY = "libc++";
				CLANG_ENABLE_MODULES = YES;
				CLANG_ENABLE_OBJC_ARC = YES;
				CLANG_WARN_BOOL_CONVERSION = YES;
				CLANG_WARN_CONSTANT_CONVERSION = YES;
				CLANG_WARN_DIRECT_OBJC_ISA_USAGE = YES_ERROR;
				CLANG_WARN_EMPTY_BODY = YES;
				CLANG_WARN_ENUM_CONVERSION = YES;
				CLANG_WARN_INT_CONVERSION = YES;
				CLANG_WARN_OBJC_ROOT_CLASS = YES_ERROR;
				CLANG_WARN_UNREACHABLE_CODE = YES;
				CLANG_WARN__DUPLICATE_METHOD_MATCH = YES;
				COPY_PHASE_STRIP = YES;
				CURRENT_PROJECT_VERSION = 1;
				DEBUG_INFORMATION_FORMAT = "dwarf-with-dsym";
				ENABLE_NS_ASSERTIONS = NO;
				ENABLE_STRICT_OBJC_MSGSEND = YES;
				GCC_C_LANGUAGE_STANDARD = gnu99;
				GCC_WARN_64_TO_32_BIT_CONVERSION = YES;
				GCC_WARN_ABOUT_RETURN_TYPE = YES_ERROR;
				GCC_WARN_UNDECLARED_SELECTOR = YES;
				GCC_WARN_UNINITIALIZED_AUTOS = YES_AGGRESSIVE;
				GCC_WARN_UNUSED_FUNCTION = YES;
				GCC_WARN_UNUSED_VARIABLE = YES;
				LD_RUNPATH_SEARCH_PATHS = "@executable_path/../Frameworks @loader_path/../Frameworks";
				MACOSX_DEPLOYMENT_TARGET = 10.9;
				MTL_ENABLE_DEBUG_INFO = NO;
				SDKROOT = macosx10.9;
				VERSIONING_SYSTEM = "apple-generic";
				VERSION_INFO_PREFIX = "";
			};
			name = Release;
		};
		ABD2519A1A4994DD00BB4BFC /* Debug */ = {
			isa = XCBuildConfiguration;
			buildSettings = {
				COMBINE_HIDPI_IMAGES = YES;
				DEFINES_MODULE = YES;
				DYLIB_COMPATIBILITY_VERSION = 1;
				DYLIB_CURRENT_VERSION = 1;
				DYLIB_INSTALL_NAME_BASE = "@rpath";
				FRAMEWORK_VERSION = A;
				INFOPLIST_FILE = TSPageBuilder/Info.plist;
				INSTALL_PATH = "$(LOCAL_LIBRARY_DIR)/Frameworks";
				LD_RUNPATH_SEARCH_PATHS = "$(inherited) @executable_path/../Frameworks @loader_path/Frameworks";
				PRODUCT_NAME = "$(TARGET_NAME)";
				SKIP_INSTALL = YES;
			};
			name = Debug;
		};
		ABD2519B1A4994DD00BB4BFC /* Release */ = {
			isa = XCBuildConfiguration;
			buildSettings = {
				COMBINE_HIDPI_IMAGES = YES;
				DEFINES_MODULE = YES;
				DYLIB_COMPATIBILITY_VERSION = 1;
				DYLIB_CURRENT_VERSION = 1;
				DYLIB_INSTALL_NAME_BASE = "@rpath";
				FRAMEWORK_VERSION = A;
				INFOPLIST_FILE = TSPageBuilder/Info.plist;
				INSTALL_PATH = "$(LOCAL_LIBRARY_DIR)/Frameworks";
				LD_RUNPATH_SEARCH_PATHS = "$(inherited) @executable_path/../Frameworks @loader_path/Frameworks";
				PRODUCT_NAME = "$(TARGET_NAME)";
				SKIP_INSTALL = YES;
			};
			name = Release;
		};
		ABD2519D1A4994DD00BB4BFC /* Debug */ = {
			isa = XCBuildConfiguration;
			buildSettings = {
				COMBINE_HIDPI_IMAGES = YES;
				FRAMEWORK_SEARCH_PATHS = (
					"$(DEVELOPER_FRAMEWORKS_DIR)",
					"$(inherited)",
				);
				GCC_PREPROCESSOR_DEFINITIONS = (
					"DEBUG=1",
					"$(inherited)",
				);
				INFOPLIST_FILE = TSPageBuilderTests/Info.plist;
				LD_RUNPATH_SEARCH_PATHS = "$(inherited) @executable_path/../Frameworks @loader_path/../Frameworks";
				PRODUCT_NAME = "$(TARGET_NAME)";
			};
			name = Debug;
		};
		ABD2519E1A4994DD00BB4BFC /* Release */ = {
			isa = XCBuildConfiguration;
			buildSettings = {
				COMBINE_HIDPI_IMAGES = YES;
				FRAMEWORK_SEARCH_PATHS = (
					"$(DEVELOPER_FRAMEWORKS_DIR)",
					"$(inherited)",
				);
				INFOPLIST_FILE = TSPageBuilderTests/Info.plist;
				LD_RUNPATH_SEARCH_PATHS = "$(inherited) @executable_path/../Frameworks @loader_path/../Frameworks";
				PRODUCT_NAME = "$(TARGET_NAME)";
			};
			name = Release;
		};
/* End XCBuildConfiguration section */

/* Begin XCConfigurationList section */
		ABD2517D1A4994DD00BB4BFC /* Build configuration list for PBXProject "TSPageBuilder" */ = {
			isa = XCConfigurationList;
			buildConfigurations = (
				ABD251971A4994DD00BB4BFC /* Debug */,
				ABD251981A4994DD00BB4BFC /* Release */,
			);
			defaultConfigurationIsVisible = 0;
			defaultConfigurationName = Release;
		};
		ABD251991A4994DD00BB4BFC /* Build configuration list for PBXNativeTarget "TSPageBuilder" */ = {
			isa = XCConfigurationList;
			buildConfigurations = (
				ABD2519A1A4994DD00BB4BFC /* Debug */,
				ABD2519B1A4994DD00BB4BFC /* Release */,
			);
			defaultConfigurationIsVisible = 0;
		};
		ABD2519C1A4994DD00BB4BFC /* Build configuration list for PBXNativeTarget "TSPageBuilderTests" */ = {
			isa = XCConfigurationList;
			buildConfigurations = (
				ABD2519D1A4994DD00BB4BFC /* Debug */,
				ABD2519E1A4994DD00BB4BFC /* Release */,
			);
			defaultConfigurationIsVisible = 0;
		};
/* End XCConfigurationList section */
	};
	rootObject = ABD2517A1A4994DD00BB4BFC /* Project object */;
}
