// !$*UTF8*$!
{
	archiveVersion = 1;
	classes = {
	};
	objectVersion = 46;
	objects = {

/* Begin PBXBuildFile section */
		AB22FF461A928B8900D971EA /* TSPageNumberFormatter.h in Headers */ = {isa = PBXBuildFile; fileRef = AB22FF441A928B8900D971EA /* TSPageNumberFormatter.h */; };
		AB22FF471A928B8900D971EA /* TSPageNumberFormatter.m in Sources */ = {isa = PBXBuildFile; fileRef = AB22FF451A928B8900D971EA /* TSPageNumberFormatter.m */; };
		AB33686720DBF2A2002A4707 /* NSMutableAttributedString+PageBuilder.h in Headers */ = {isa = PBXBuildFile; fileRef = AB33686520DBF2A2002A4707 /* NSMutableAttributedString+PageBuilder.h */; };
		AB33686820DBF2A2002A4707 /* NSMutableAttributedString+PageBuilder.m in Sources */ = {isa = PBXBuildFile; fileRef = AB33686620DBF2A2002A4707 /* NSMutableAttributedString+PageBuilder.m */; };
		ABD2518F1A4994DD00BB4BFC /* PDFPageBuilder.framework in Frameworks */ = {isa = PBXBuildFile; fileRef = ABD251831A4994DD00BB4BFC /* PDFPageBuilder.framework */; };
		ABD251961A4994DD00BB4BFC /* PDFPageBuilderTests.m in Sources */ = {isa = PBXBuildFile; fileRef = ABD251951A4994DD00BB4BFC /* PDFPageBuilderTests.m */; };
		ABD251DB1A49969C00BB4BFC /* Cocoa.framework in Frameworks */ = {isa = PBXBuildFile; fileRef = ABD251DA1A49969C00BB4BFC /* Cocoa.framework */; };
		ABD42A241A49F27F00870D65 /* AppDelegate.m in Sources */ = {isa = PBXBuildFile; fileRef = ABD42A231A49F27F00870D65 /* AppDelegate.m */; };
		ABD42A261A49F27F00870D65 /* main.m in Sources */ = {isa = PBXBuildFile; fileRef = ABD42A251A49F27F00870D65 /* main.m */; };
		ABD42A281A49F27F00870D65 /* Images.xcassets in Resources */ = {isa = PBXBuildFile; fileRef = ABD42A271A49F27F00870D65 /* Images.xcassets */; };
		ABD42A2B1A49F27F00870D65 /* MainMenu.xib in Resources */ = {isa = PBXBuildFile; fileRef = ABD42A291A49F27F00870D65 /* MainMenu.xib */; };
		ABD42A371A49F27F00870D65 /* PageBuilderDemoTests.m in Sources */ = {isa = PBXBuildFile; fileRef = ABD42A361A49F27F00870D65 /* PageBuilderDemoTests.m */; };
		ABD42A3E1A49F2C800870D65 /* PDFPageBuilder.framework in Frameworks */ = {isa = PBXBuildFile; fileRef = ABD251831A4994DD00BB4BFC /* PDFPageBuilder.framework */; };
		ABD42A401A49F2EB00870D65 /* PDFPageBuilder.framework in CopyFiles */ = {isa = PBXBuildFile; fileRef = ABD251831A4994DD00BB4BFC /* PDFPageBuilder.framework */; settings = {ATTRIBUTES = (CodeSignOnCopy, RemoveHeadersOnCopy, ); }; };
		ABD42A421A49F3D200870D65 /* Demo-A4.map.xml in Resources */ = {isa = PBXBuildFile; fileRef = ABD42A411A49F3D200870D65 /* Demo-A4.map.xml */; };
		ABD42A441A49F3F900870D65 /* Demo-A4.pdf in Resources */ = {isa = PBXBuildFile; fileRef = ABD42A431A49F3F900870D65 /* Demo-A4.pdf */; };
		ABD42A471A49FB8600870D65 /* DemoPDFDocument.m in Sources */ = {isa = PBXBuildFile; fileRef = ABD42A461A49FB8600870D65 /* DemoPDFDocument.m */; };
		ABD42A491A4A073C00870D65 /* DemoLogo.jpeg in Resources */ = {isa = PBXBuildFile; fileRef = ABD42A481A4A073C00870D65 /* DemoLogo.jpeg */; };
		ABF40C131A49B8D30070368E /* NSAttributedString+PageBuilder.h in Headers */ = {isa = PBXBuildFile; fileRef = ABF40BF41A49B8D30070368E /* NSAttributedString+PageBuilder.h */; };
		ABF40C141A49B8D30070368E /* NSAttributedString+PageBuilder.m in Sources */ = {isa = PBXBuildFile; fileRef = ABF40BF51A49B8D30070368E /* NSAttributedString+PageBuilder.m */; };
		ABF40C151A49B8D30070368E /* NSColor+PageBuilder.h in Headers */ = {isa = PBXBuildFile; fileRef = ABF40BF61A49B8D30070368E /* NSColor+PageBuilder.h */; settings = {ATTRIBUTES = (Public, ); }; };
		ABF40C161A49B8D30070368E /* NSColor+PageBuilder.m in Sources */ = {isa = PBXBuildFile; fileRef = ABF40BF71A49B8D30070368E /* NSColor+PageBuilder.m */; };
		ABF40C171A49B8D30070368E /* NSDate+PageBuilder.h in Headers */ = {isa = PBXBuildFile; fileRef = ABF40BF81A49B8D30070368E /* NSDate+PageBuilder.h */; };
		ABF40C181A49B8D30070368E /* NSDate+PageBuilder.m in Sources */ = {isa = PBXBuildFile; fileRef = ABF40BF91A49B8D30070368E /* NSDate+PageBuilder.m */; };
		ABF40C191A49B8D30070368E /* NSMutableArray+PageBuilder.h in Headers */ = {isa = PBXBuildFile; fileRef = ABF40BFA1A49B8D30070368E /* NSMutableArray+PageBuilder.h */; };
		ABF40C1A1A49B8D30070368E /* NSMutableArray+PageBuilder.m in Sources */ = {isa = PBXBuildFile; fileRef = ABF40BFB1A49B8D30070368E /* NSMutableArray+PageBuilder.m */; };
		ABF40C1B1A49B8D30070368E /* NSRegularExpression+PageBuilder.h in Headers */ = {isa = PBXBuildFile; fileRef = ABF40BFC1A49B8D30070368E /* NSRegularExpression+PageBuilder.h */; };
		ABF40C1C1A49B8D30070368E /* NSRegularExpression+PageBuilder.m in Sources */ = {isa = PBXBuildFile; fileRef = ABF40BFD1A49B8D30070368E /* NSRegularExpression+PageBuilder.m */; };
		ABF40C1D1A49B8D30070368E /* NSString+PageBuilder.h in Headers */ = {isa = PBXBuildFile; fileRef = ABF40BFE1A49B8D30070368E /* NSString+PageBuilder.h */; };
		ABF40C1E1A49B8D30070368E /* NSString+PageBuilder.m in Sources */ = {isa = PBXBuildFile; fileRef = ABF40BFF1A49B8D30070368E /* NSString+PageBuilder.m */; };
		ABF40C1F1A49B8D30070368E /* NSXMLElement+PageBuilder.h in Headers */ = {isa = PBXBuildFile; fileRef = ABF40C001A49B8D30070368E /* NSXMLElement+PageBuilder.h */; };
		ABF40C201A49B8D30070368E /* NSXMLElement+PageBuilder.m in Sources */ = {isa = PBXBuildFile; fileRef = ABF40C011A49B8D30070368E /* NSXMLElement+PageBuilder.m */; };
		ABF40C221A49B8D30070368E /* TSPageBuilder.h in Headers */ = {isa = PBXBuildFile; fileRef = ABF40C031A49B8D30070368E /* TSPageBuilder.h */; settings = {ATTRIBUTES = (Public, ); }; };
		ABF40C231A49B8D30070368E /* TSPageBuilder.m in Sources */ = {isa = PBXBuildFile; fileRef = ABF40C041A49B8D30070368E /* TSPageBuilder.m */; };
		ABF40C241A49B8D30070368E /* TSPageDoubleAggregator.h in Headers */ = {isa = PBXBuildFile; fileRef = ABF40C051A49B8D30070368E /* TSPageDoubleAggregator.h */; };
		ABF40C251A49B8D30070368E /* TSPageDoubleAggregator.m in Sources */ = {isa = PBXBuildFile; fileRef = ABF40C061A49B8D30070368E /* TSPageDoubleAggregator.m */; };
		ABF40C261A49B8D30070368E /* TSPageImageItem.h in Headers */ = {isa = PBXBuildFile; fileRef = ABF40C071A49B8D30070368E /* TSPageImageItem.h */; settings = {ATTRIBUTES = (Public, ); }; };
		ABF40C271A49B8D30070368E /* TSPageImageItem.m in Sources */ = {isa = PBXBuildFile; fileRef = ABF40C081A49B8D30070368E /* TSPageImageItem.m */; };
		ABF40C281A49B8D30070368E /* TSPageItem.h in Headers */ = {isa = PBXBuildFile; fileRef = ABF40C091A49B8D30070368E /* TSPageItem.h */; settings = {ATTRIBUTES = (Public, ); }; };
		ABF40C291A49B8D30070368E /* TSPageItem.m in Sources */ = {isa = PBXBuildFile; fileRef = ABF40C0A1A49B8D30070368E /* TSPageItem.m */; };
		ABF40C2A1A49B8D30070368E /* TSPageSpacingAggregator.h in Headers */ = {isa = PBXBuildFile; fileRef = ABF40C0B1A49B8D30070368E /* TSPageSpacingAggregator.h */; };
		ABF40C2B1A49B8D30070368E /* TSPageSpacingAggregator.m in Sources */ = {isa = PBXBuildFile; fileRef = ABF40C0C1A49B8D30070368E /* TSPageSpacingAggregator.m */; };
		ABF40C2C1A49B8D30070368E /* TSPageTextItem.h in Headers */ = {isa = PBXBuildFile; fileRef = ABF40C0D1A49B8D30070368E /* TSPageTextItem.h */; settings = {ATTRIBUTES = (Public, ); }; };
		ABF40C2D1A49B8D30070368E /* TSPageTextItem.m in Sources */ = {isa = PBXBuildFile; fileRef = ABF40C0E1A49B8D30070368E /* TSPageTextItem.m */; };
		ABF40C2E1A49B8D30070368E /* TSPDFDocument.h in Headers */ = {isa = PBXBuildFile; fileRef = ABF40C0F1A49B8D30070368E /* TSPDFDocument.h */; settings = {ATTRIBUTES = (Public, ); }; };
		ABF40C2F1A49B8D30070368E /* TSPDFDocument.m in Sources */ = {isa = PBXBuildFile; fileRef = ABF40C101A49B8D30070368E /* TSPDFDocument.m */; };
		ABF40C301A49B8D30070368E /* TSPDFPage.h in Headers */ = {isa = PBXBuildFile; fileRef = ABF40C111A49B8D30070368E /* TSPDFPage.h */; settings = {ATTRIBUTES = (Public, ); }; };
		ABF40C311A49B8D30070368E /* TSPDFPage.m in Sources */ = {isa = PBXBuildFile; fileRef = ABF40C121A49B8D30070368E /* TSPDFPage.m */; };
		ABF40C331A49B9DE0070368E /* PDFPageBuilder.h in Headers */ = {isa = PBXBuildFile; fileRef = ABF40C321A49B8FA0070368E /* PDFPageBuilder.h */; settings = {ATTRIBUTES = (Public, ); }; };
/* End PBXBuildFile section */

/* Begin PBXContainerItemProxy section */
		ABD251901A4994DD00BB4BFC /* PBXContainerItemProxy */ = {
			isa = PBXContainerItemProxy;
			containerPortal = ABD2517A1A4994DD00BB4BFC /* Project object */;
			proxyType = 1;
			remoteGlobalIDString = ABD251821A4994DD00BB4BFC;
			remoteInfo = TSPageBuilder;
		};
		ABD42A311A49F27F00870D65 /* PBXContainerItemProxy */ = {
			isa = PBXContainerItemProxy;
			containerPortal = ABD2517A1A4994DD00BB4BFC /* Project object */;
			proxyType = 1;
			remoteGlobalIDString = ABD42A1D1A49F27F00870D65;
			remoteInfo = PageBuilderDemo;
		};
/* End PBXContainerItemProxy section */

/* Begin PBXCopyFilesBuildPhase section */
		ABD42A3F1A49F2DB00870D65 /* CopyFiles */ = {
			isa = PBXCopyFilesBuildPhase;
			buildActionMask = 2147483647;
			dstPath = "";
			dstSubfolderSpec = 10;
			files = (
				ABD42A401A49F2EB00870D65 /* PDFPageBuilder.framework in CopyFiles */,
			);
			runOnlyForDeploymentPostprocessing = 0;
		};
/* End PBXCopyFilesBuildPhase section */

/* Begin PBXFileReference section */
		AB22FF441A928B8900D971EA /* TSPageNumberFormatter.h */ = {isa = PBXFileReference; fileEncoding = 4; lastKnownFileType = sourcecode.c.h; path = TSPageNumberFormatter.h; sourceTree = "<group>"; };
		AB22FF451A928B8900D971EA /* TSPageNumberFormatter.m */ = {isa = PBXFileReference; fileEncoding = 4; lastKnownFileType = sourcecode.c.objc; path = TSPageNumberFormatter.m; sourceTree = "<group>"; };
		AB33686520DBF2A2002A4707 /* NSMutableAttributedString+PageBuilder.h */ = {isa = PBXFileReference; lastKnownFileType = sourcecode.c.h; path = "NSMutableAttributedString+PageBuilder.h"; sourceTree = "<group>"; };
		AB33686620DBF2A2002A4707 /* NSMutableAttributedString+PageBuilder.m */ = {isa = PBXFileReference; lastKnownFileType = sourcecode.c.objc; path = "NSMutableAttributedString+PageBuilder.m"; sourceTree = "<group>"; };
		ABD251831A4994DD00BB4BFC /* PDFPageBuilder.framework */ = {isa = PBXFileReference; explicitFileType = wrapper.framework; includeInIndex = 0; path = PDFPageBuilder.framework; sourceTree = BUILT_PRODUCTS_DIR; };
		ABD2518E1A4994DD00BB4BFC /* PDFPageBuilderTests.xctest */ = {isa = PBXFileReference; explicitFileType = wrapper.cfbundle; includeInIndex = 0; path = PDFPageBuilderTests.xctest; sourceTree = BUILT_PRODUCTS_DIR; };
		ABD251941A4994DD00BB4BFC /* Info.plist */ = {isa = PBXFileReference; lastKnownFileType = text.plist.xml; name = Info.plist; path = ../PDFPageBuilderTests/Info.plist; sourceTree = "<group>"; };
		ABD251951A4994DD00BB4BFC /* PDFPageBuilderTests.m */ = {isa = PBXFileReference; lastKnownFileType = sourcecode.c.objc; name = PDFPageBuilderTests.m; path = ../PDFPageBuilderTests/PDFPageBuilderTests.m; sourceTree = "<group>"; };
		ABD251DA1A49969C00BB4BFC /* Cocoa.framework */ = {isa = PBXFileReference; lastKnownFileType = wrapper.framework; name = Cocoa.framework; path = System/Library/Frameworks/Cocoa.framework; sourceTree = SDKROOT; };
		ABD42A1E1A49F27F00870D65 /* PageBuilderDemo.app */ = {isa = PBXFileReference; explicitFileType = wrapper.application; includeInIndex = 0; path = PageBuilderDemo.app; sourceTree = BUILT_PRODUCTS_DIR; };
		ABD42A211A49F27F00870D65 /* Info.plist */ = {isa = PBXFileReference; lastKnownFileType = text.plist.xml; path = Info.plist; sourceTree = "<group>"; };
		ABD42A221A49F27F00870D65 /* AppDelegate.h */ = {isa = PBXFileReference; lastKnownFileType = sourcecode.c.h; path = AppDelegate.h; sourceTree = "<group>"; };
		ABD42A231A49F27F00870D65 /* AppDelegate.m */ = {isa = PBXFileReference; lastKnownFileType = sourcecode.c.objc; path = AppDelegate.m; sourceTree = "<group>"; };
		ABD42A251A49F27F00870D65 /* main.m */ = {isa = PBXFileReference; lastKnownFileType = sourcecode.c.objc; path = main.m; sourceTree = "<group>"; };
		ABD42A271A49F27F00870D65 /* Images.xcassets */ = {isa = PBXFileReference; lastKnownFileType = folder.assetcatalog; path = Images.xcassets; sourceTree = "<group>"; };
		ABD42A2A1A49F27F00870D65 /* Base */ = {isa = PBXFileReference; lastKnownFileType = file.xib; name = Base; path = Base.lproj/MainMenu.xib; sourceTree = "<group>"; };
		ABD42A301A49F27F00870D65 /* PageBuilderDemoTests.xctest */ = {isa = PBXFileReference; explicitFileType = wrapper.cfbundle; includeInIndex = 0; path = PageBuilderDemoTests.xctest; sourceTree = BUILT_PRODUCTS_DIR; };
		ABD42A351A49F27F00870D65 /* Info.plist */ = {isa = PBXFileReference; lastKnownFileType = text.plist.xml; path = Info.plist; sourceTree = "<group>"; };
		ABD42A361A49F27F00870D65 /* PageBuilderDemoTests.m */ = {isa = PBXFileReference; lastKnownFileType = sourcecode.c.objc; path = PageBuilderDemoTests.m; sourceTree = "<group>"; };
		ABD42A411A49F3D200870D65 /* Demo-A4.map.xml */ = {isa = PBXFileReference; fileEncoding = 4; lastKnownFileType = text.xml; path = "Demo-A4.map.xml"; sourceTree = "<group>"; };
		ABD42A431A49F3F900870D65 /* Demo-A4.pdf */ = {isa = PBXFileReference; lastKnownFileType = image.pdf; path = "Demo-A4.pdf"; sourceTree = "<group>"; };
		ABD42A451A49FB8600870D65 /* DemoPDFDocument.h */ = {isa = PBXFileReference; fileEncoding = 4; lastKnownFileType = sourcecode.c.h; path = DemoPDFDocument.h; sourceTree = "<group>"; };
		ABD42A461A49FB8600870D65 /* DemoPDFDocument.m */ = {isa = PBXFileReference; fileEncoding = 4; lastKnownFileType = sourcecode.c.objc; path = DemoPDFDocument.m; sourceTree = "<group>"; };
		ABD42A481A4A073C00870D65 /* DemoLogo.jpeg */ = {isa = PBXFileReference; lastKnownFileType = image.jpeg; path = DemoLogo.jpeg; sourceTree = "<group>"; };
		ABF40BF41A49B8D30070368E /* NSAttributedString+PageBuilder.h */ = {isa = PBXFileReference; fileEncoding = 4; lastKnownFileType = sourcecode.c.h; path = "NSAttributedString+PageBuilder.h"; sourceTree = "<group>"; };
		ABF40BF51A49B8D30070368E /* NSAttributedString+PageBuilder.m */ = {isa = PBXFileReference; fileEncoding = 4; lastKnownFileType = sourcecode.c.objc; path = "NSAttributedString+PageBuilder.m"; sourceTree = "<group>"; };
		ABF40BF61A49B8D30070368E /* NSColor+PageBuilder.h */ = {isa = PBXFileReference; fileEncoding = 4; lastKnownFileType = sourcecode.c.h; path = "NSColor+PageBuilder.h"; sourceTree = "<group>"; };
		ABF40BF71A49B8D30070368E /* NSColor+PageBuilder.m */ = {isa = PBXFileReference; fileEncoding = 4; lastKnownFileType = sourcecode.c.objc; path = "NSColor+PageBuilder.m"; sourceTree = "<group>"; };
		ABF40BF81A49B8D30070368E /* NSDate+PageBuilder.h */ = {isa = PBXFileReference; fileEncoding = 4; lastKnownFileType = sourcecode.c.h; path = "NSDate+PageBuilder.h"; sourceTree = "<group>"; };
		ABF40BF91A49B8D30070368E /* NSDate+PageBuilder.m */ = {isa = PBXFileReference; fileEncoding = 4; lastKnownFileType = sourcecode.c.objc; path = "NSDate+PageBuilder.m"; sourceTree = "<group>"; };
		ABF40BFA1A49B8D30070368E /* NSMutableArray+PageBuilder.h */ = {isa = PBXFileReference; fileEncoding = 4; lastKnownFileType = sourcecode.c.h; path = "NSMutableArray+PageBuilder.h"; sourceTree = "<group>"; };
		ABF40BFB1A49B8D30070368E /* NSMutableArray+PageBuilder.m */ = {isa = PBXFileReference; fileEncoding = 4; lastKnownFileType = sourcecode.c.objc; path = "NSMutableArray+PageBuilder.m"; sourceTree = "<group>"; };
		ABF40BFC1A49B8D30070368E /* NSRegularExpression+PageBuilder.h */ = {isa = PBXFileReference; fileEncoding = 4; lastKnownFileType = sourcecode.c.h; path = "NSRegularExpression+PageBuilder.h"; sourceTree = "<group>"; };
		ABF40BFD1A49B8D30070368E /* NSRegularExpression+PageBuilder.m */ = {isa = PBXFileReference; fileEncoding = 4; lastKnownFileType = sourcecode.c.objc; path = "NSRegularExpression+PageBuilder.m"; sourceTree = "<group>"; };
		ABF40BFE1A49B8D30070368E /* NSString+PageBuilder.h */ = {isa = PBXFileReference; fileEncoding = 4; lastKnownFileType = sourcecode.c.h; path = "NSString+PageBuilder.h"; sourceTree = "<group>"; };
		ABF40BFF1A49B8D30070368E /* NSString+PageBuilder.m */ = {isa = PBXFileReference; fileEncoding = 4; lastKnownFileType = sourcecode.c.objc; path = "NSString+PageBuilder.m"; sourceTree = "<group>"; };
		ABF40C001A49B8D30070368E /* NSXMLElement+PageBuilder.h */ = {isa = PBXFileReference; fileEncoding = 4; lastKnownFileType = sourcecode.c.h; path = "NSXMLElement+PageBuilder.h"; sourceTree = "<group>"; };
		ABF40C011A49B8D30070368E /* NSXMLElement+PageBuilder.m */ = {isa = PBXFileReference; fileEncoding = 4; lastKnownFileType = sourcecode.c.objc; path = "NSXMLElement+PageBuilder.m"; sourceTree = "<group>"; };
		ABF40C021A49B8D30070368E /* Info.plist */ = {isa = PBXFileReference; fileEncoding = 4; lastKnownFileType = text.plist.xml; path = Info.plist; sourceTree = "<group>"; };
		ABF40C031A49B8D30070368E /* TSPageBuilder.h */ = {isa = PBXFileReference; fileEncoding = 4; lastKnownFileType = sourcecode.c.h; path = TSPageBuilder.h; sourceTree = "<group>"; };
		ABF40C041A49B8D30070368E /* TSPageBuilder.m */ = {isa = PBXFileReference; fileEncoding = 4; lastKnownFileType = sourcecode.c.objc; path = TSPageBuilder.m; sourceTree = "<group>"; };
		ABF40C051A49B8D30070368E /* TSPageDoubleAggregator.h */ = {isa = PBXFileReference; fileEncoding = 4; lastKnownFileType = sourcecode.c.h; path = TSPageDoubleAggregator.h; sourceTree = "<group>"; };
		ABF40C061A49B8D30070368E /* TSPageDoubleAggregator.m */ = {isa = PBXFileReference; fileEncoding = 4; lastKnownFileType = sourcecode.c.objc; path = TSPageDoubleAggregator.m; sourceTree = "<group>"; };
		ABF40C071A49B8D30070368E /* TSPageImageItem.h */ = {isa = PBXFileReference; fileEncoding = 4; lastKnownFileType = sourcecode.c.h; path = TSPageImageItem.h; sourceTree = "<group>"; };
		ABF40C081A49B8D30070368E /* TSPageImageItem.m */ = {isa = PBXFileReference; fileEncoding = 4; lastKnownFileType = sourcecode.c.objc; path = TSPageImageItem.m; sourceTree = "<group>"; };
		ABF40C091A49B8D30070368E /* TSPageItem.h */ = {isa = PBXFileReference; fileEncoding = 4; lastKnownFileType = sourcecode.c.h; path = TSPageItem.h; sourceTree = "<group>"; };
		ABF40C0A1A49B8D30070368E /* TSPageItem.m */ = {isa = PBXFileReference; fileEncoding = 4; lastKnownFileType = sourcecode.c.objc; path = TSPageItem.m; sourceTree = "<group>"; };
		ABF40C0B1A49B8D30070368E /* TSPageSpacingAggregator.h */ = {isa = PBXFileReference; fileEncoding = 4; lastKnownFileType = sourcecode.c.h; path = TSPageSpacingAggregator.h; sourceTree = "<group>"; };
		ABF40C0C1A49B8D30070368E /* TSPageSpacingAggregator.m */ = {isa = PBXFileReference; fileEncoding = 4; lastKnownFileType = sourcecode.c.objc; path = TSPageSpacingAggregator.m; sourceTree = "<group>"; };
		ABF40C0D1A49B8D30070368E /* TSPageTextItem.h */ = {isa = PBXFileReference; fileEncoding = 4; lastKnownFileType = sourcecode.c.h; path = TSPageTextItem.h; sourceTree = "<group>"; };
		ABF40C0E1A49B8D30070368E /* TSPageTextItem.m */ = {isa = PBXFileReference; fileEncoding = 4; lastKnownFileType = sourcecode.c.objc; path = TSPageTextItem.m; sourceTree = "<group>"; };
		ABF40C0F1A49B8D30070368E /* TSPDFDocument.h */ = {isa = PBXFileReference; fileEncoding = 4; lastKnownFileType = sourcecode.c.h; path = TSPDFDocument.h; sourceTree = "<group>"; };
		ABF40C101A49B8D30070368E /* TSPDFDocument.m */ = {isa = PBXFileReference; fileEncoding = 4; lastKnownFileType = sourcecode.c.objc; path = TSPDFDocument.m; sourceTree = "<group>"; };
		ABF40C111A49B8D30070368E /* TSPDFPage.h */ = {isa = PBXFileReference; fileEncoding = 4; lastKnownFileType = sourcecode.c.h; path = TSPDFPage.h; sourceTree = "<group>"; };
		ABF40C121A49B8D30070368E /* TSPDFPage.m */ = {isa = PBXFileReference; fileEncoding = 4; lastKnownFileType = sourcecode.c.objc; path = TSPDFPage.m; sourceTree = "<group>"; };
		ABF40C321A49B8FA0070368E /* PDFPageBuilder.h */ = {isa = PBXFileReference; lastKnownFileType = sourcecode.c.h; path = PDFPageBuilder.h; sourceTree = "<group>"; };
		ABFDF33125656E7300FCFE3F /* macOS-native-arch.xcconfig */ = {isa = PBXFileReference; lastKnownFileType = text.xcconfig; path = "macOS-native-arch.xcconfig"; sourceTree = "<group>"; };
/* End PBXFileReference section */

/* Begin PBXFrameworksBuildPhase section */
		ABD2517F1A4994DD00BB4BFC /* Frameworks */ = {
			isa = PBXFrameworksBuildPhase;
			buildActionMask = 2147483647;
			files = (
				ABD251DB1A49969C00BB4BFC /* Cocoa.framework in Frameworks */,
			);
			runOnlyForDeploymentPostprocessing = 0;
		};
		ABD2518B1A4994DD00BB4BFC /* Frameworks */ = {
			isa = PBXFrameworksBuildPhase;
			buildActionMask = 2147483647;
			files = (
				ABD2518F1A4994DD00BB4BFC /* PDFPageBuilder.framework in Frameworks */,
			);
			runOnlyForDeploymentPostprocessing = 0;
		};
		ABD42A1B1A49F27F00870D65 /* Frameworks */ = {
			isa = PBXFrameworksBuildPhase;
			buildActionMask = 2147483647;
			files = (
				ABD42A3E1A49F2C800870D65 /* PDFPageBuilder.framework in Frameworks */,
			);
			runOnlyForDeploymentPostprocessing = 0;
		};
		ABD42A2D1A49F27F00870D65 /* Frameworks */ = {
			isa = PBXFrameworksBuildPhase;
			buildActionMask = 2147483647;
			files = (
			);
			runOnlyForDeploymentPostprocessing = 0;
		};
/* End PBXFrameworksBuildPhase section */

/* Begin PBXGroup section */
		ABD251791A4994DD00BB4BFC = {
			isa = PBXGroup;
			children = (
				ABFDF33125656E7300FCFE3F /* macOS-native-arch.xcconfig */,
				ABF40BF21A49B8D30070368E /* PDFPageBuilder */,
				ABD251DA1A49969C00BB4BFC /* Cocoa.framework */,
				ABD251921A4994DD00BB4BFC /* PDFPageBuilderTests */,
				ABD42A1F1A49F27F00870D65 /* PageBuilderDemo */,
				ABD42A331A49F27F00870D65 /* PageBuilderDemoTests */,
				ABD251841A4994DD00BB4BFC /* Products */,
			);
			sourceTree = "<group>";
		};
		ABD251841A4994DD00BB4BFC /* Products */ = {
			isa = PBXGroup;
			children = (
				ABD251831A4994DD00BB4BFC /* PDFPageBuilder.framework */,
				ABD2518E1A4994DD00BB4BFC /* PDFPageBuilderTests.xctest */,
				ABD42A1E1A49F27F00870D65 /* PageBuilderDemo.app */,
				ABD42A301A49F27F00870D65 /* PageBuilderDemoTests.xctest */,
			);
			name = Products;
			sourceTree = "<group>";
		};
		ABD251921A4994DD00BB4BFC /* PDFPageBuilderTests */ = {
			isa = PBXGroup;
			children = (
				ABD251951A4994DD00BB4BFC /* PDFPageBuilderTests.m */,
				ABD251931A4994DD00BB4BFC /* Supporting Files */,
			);
			name = PDFPageBuilderTests;
			path = TSPageBuilderTests;
			sourceTree = "<group>";
		};
		ABD251931A4994DD00BB4BFC /* Supporting Files */ = {
			isa = PBXGroup;
			children = (
				ABD251941A4994DD00BB4BFC /* Info.plist */,
			);
			name = "Supporting Files";
			sourceTree = "<group>";
		};
		ABD42A1F1A49F27F00870D65 /* PageBuilderDemo */ = {
			isa = PBXGroup;
			children = (
				ABD42A481A4A073C00870D65 /* DemoLogo.jpeg */,
				ABD42A451A49FB8600870D65 /* DemoPDFDocument.h */,
				ABD42A461A49FB8600870D65 /* DemoPDFDocument.m */,
				ABD42A431A49F3F900870D65 /* Demo-A4.pdf */,
				ABD42A411A49F3D200870D65 /* Demo-A4.map.xml */,
				ABD42A221A49F27F00870D65 /* AppDelegate.h */,
				ABD42A231A49F27F00870D65 /* AppDelegate.m */,
				ABD42A271A49F27F00870D65 /* Images.xcassets */,
				ABD42A291A49F27F00870D65 /* MainMenu.xib */,
				ABD42A201A49F27F00870D65 /* Supporting Files */,
			);
			path = PageBuilderDemo;
			sourceTree = "<group>";
		};
		ABD42A201A49F27F00870D65 /* Supporting Files */ = {
			isa = PBXGroup;
			children = (
				ABD42A211A49F27F00870D65 /* Info.plist */,
				ABD42A251A49F27F00870D65 /* main.m */,
			);
			name = "Supporting Files";
			sourceTree = "<group>";
		};
		ABD42A331A49F27F00870D65 /* PageBuilderDemoTests */ = {
			isa = PBXGroup;
			children = (
				ABD42A361A49F27F00870D65 /* PageBuilderDemoTests.m */,
				ABD42A341A49F27F00870D65 /* Supporting Files */,
			);
			path = PageBuilderDemoTests;
			sourceTree = "<group>";
		};
		ABD42A341A49F27F00870D65 /* Supporting Files */ = {
			isa = PBXGroup;
			children = (
				ABD42A351A49F27F00870D65 /* Info.plist */,
			);
			name = "Supporting Files";
			sourceTree = "<group>";
		};
		ABF40BF21A49B8D30070368E /* PDFPageBuilder */ = {
			isa = PBXGroup;
			children = (
				ABF40BF31A49B8D30070368E /* Categories */,
				ABF40C021A49B8D30070368E /* Info.plist */,
				ABF40C031A49B8D30070368E /* TSPageBuilder.h */,
				ABF40C041A49B8D30070368E /* TSPageBuilder.m */,
				ABF40C051A49B8D30070368E /* TSPageDoubleAggregator.h */,
				ABF40C061A49B8D30070368E /* TSPageDoubleAggregator.m */,
				ABF40C071A49B8D30070368E /* TSPageImageItem.h */,
				ABF40C081A49B8D30070368E /* TSPageImageItem.m */,
				ABF40C091A49B8D30070368E /* TSPageItem.h */,
				ABF40C0A1A49B8D30070368E /* TSPageItem.m */,
				ABF40C0B1A49B8D30070368E /* TSPageSpacingAggregator.h */,
				ABF40C0C1A49B8D30070368E /* TSPageSpacingAggregator.m */,
				ABF40C0D1A49B8D30070368E /* TSPageTextItem.h */,
				ABF40C0E1A49B8D30070368E /* TSPageTextItem.m */,
				ABF40C0F1A49B8D30070368E /* TSPDFDocument.h */,
				ABF40C101A49B8D30070368E /* TSPDFDocument.m */,
				ABF40C111A49B8D30070368E /* TSPDFPage.h */,
				ABF40C121A49B8D30070368E /* TSPDFPage.m */,
				ABF40C321A49B8FA0070368E /* PDFPageBuilder.h */,
				AB22FF441A928B8900D971EA /* TSPageNumberFormatter.h */,
				AB22FF451A928B8900D971EA /* TSPageNumberFormatter.m */,
			);
			path = PDFPageBuilder;
			sourceTree = "<group>";
		};
		ABF40BF31A49B8D30070368E /* Categories */ = {
			isa = PBXGroup;
			children = (
				ABF40BF41A49B8D30070368E /* NSAttributedString+PageBuilder.h */,
				ABF40BF51A49B8D30070368E /* NSAttributedString+PageBuilder.m */,
				ABF40BF61A49B8D30070368E /* NSColor+PageBuilder.h */,
				ABF40BF71A49B8D30070368E /* NSColor+PageBuilder.m */,
				ABF40BF81A49B8D30070368E /* NSDate+PageBuilder.h */,
				ABF40BF91A49B8D30070368E /* NSDate+PageBuilder.m */,
				ABF40BFA1A49B8D30070368E /* NSMutableArray+PageBuilder.h */,
				ABF40BFB1A49B8D30070368E /* NSMutableArray+PageBuilder.m */,
				ABF40BFC1A49B8D30070368E /* NSRegularExpression+PageBuilder.h */,
				ABF40BFD1A49B8D30070368E /* NSRegularExpression+PageBuilder.m */,
				ABF40BFE1A49B8D30070368E /* NSString+PageBuilder.h */,
				ABF40BFF1A49B8D30070368E /* NSString+PageBuilder.m */,
				ABF40C001A49B8D30070368E /* NSXMLElement+PageBuilder.h */,
				ABF40C011A49B8D30070368E /* NSXMLElement+PageBuilder.m */,
				AB33686520DBF2A2002A4707 /* NSMutableAttributedString+PageBuilder.h */,
				AB33686620DBF2A2002A4707 /* NSMutableAttributedString+PageBuilder.m */,
			);
			path = Categories;
			sourceTree = "<group>";
		};
/* End PBXGroup section */

/* Begin PBXHeadersBuildPhase section */
		ABD251801A4994DD00BB4BFC /* Headers */ = {
			isa = PBXHeadersBuildPhase;
			buildActionMask = 2147483647;
			files = (
				ABF40C281A49B8D30070368E /* TSPageItem.h in Headers */,
				ABF40C2C1A49B8D30070368E /* TSPageTextItem.h in Headers */,
				ABF40C261A49B8D30070368E /* TSPageImageItem.h in Headers */,
				ABF40C301A49B8D30070368E /* TSPDFPage.h in Headers */,
				ABF40C331A49B9DE0070368E /* PDFPageBuilder.h in Headers */,
				ABF40C2E1A49B8D30070368E /* TSPDFDocument.h in Headers */,
				ABF40C151A49B8D30070368E /* NSColor+PageBuilder.h in Headers */,
				ABF40C221A49B8D30070368E /* TSPageBuilder.h in Headers */,
				ABF40C241A49B8D30070368E /* TSPageDoubleAggregator.h in Headers */,
				AB22FF461A928B8900D971EA /* TSPageNumberFormatter.h in Headers */,
				ABF40C1F1A49B8D30070368E /* NSXMLElement+PageBuilder.h in Headers */,
				ABF40C1B1A49B8D30070368E /* NSRegularExpression+PageBuilder.h in Headers */,
				ABF40C171A49B8D30070368E /* NSDate+PageBuilder.h in Headers */,
				ABF40C1D1A49B8D30070368E /* NSString+PageBuilder.h in Headers */,
				AB33686720DBF2A2002A4707 /* NSMutableAttributedString+PageBuilder.h in Headers */,
				ABF40C131A49B8D30070368E /* NSAttributedString+PageBuilder.h in Headers */,
				ABF40C191A49B8D30070368E /* NSMutableArray+PageBuilder.h in Headers */,
				ABF40C2A1A49B8D30070368E /* TSPageSpacingAggregator.h in Headers */,
			);
			runOnlyForDeploymentPostprocessing = 0;
		};
/* End PBXHeadersBuildPhase section */

/* Begin PBXNativeTarget section */
		ABD251821A4994DD00BB4BFC /* PDFPageBuilder */ = {
			isa = PBXNativeTarget;
			buildConfigurationList = ABD251991A4994DD00BB4BFC /* Build configuration list for PBXNativeTarget "PDFPageBuilder" */;
			buildPhases = (
				ABD2517E1A4994DD00BB4BFC /* Sources */,
				ABD2517F1A4994DD00BB4BFC /* Frameworks */,
				ABD251801A4994DD00BB4BFC /* Headers */,
				ABD251811A4994DD00BB4BFC /* Resources */,
			);
			buildRules = (
			);
			dependencies = (
			);
			name = PDFPageBuilder;
			productName = TSPageBuilder;
			productReference = ABD251831A4994DD00BB4BFC /* PDFPageBuilder.framework */;
			productType = "com.apple.product-type.framework";
		};
		ABD2518D1A4994DD00BB4BFC /* PDFPageBuilderTests */ = {
			isa = PBXNativeTarget;
			buildConfigurationList = ABD2519C1A4994DD00BB4BFC /* Build configuration list for PBXNativeTarget "PDFPageBuilderTests" */;
			buildPhases = (
				ABD2518A1A4994DD00BB4BFC /* Sources */,
				ABD2518B1A4994DD00BB4BFC /* Frameworks */,
				ABD2518C1A4994DD00BB4BFC /* Resources */,
			);
			buildRules = (
			);
			dependencies = (
				ABD251911A4994DD00BB4BFC /* PBXTargetDependency */,
			);
			name = PDFPageBuilderTests;
			productName = TSPageBuilderTests;
			productReference = ABD2518E1A4994DD00BB4BFC /* PDFPageBuilderTests.xctest */;
			productType = "com.apple.product-type.bundle.unit-test";
		};
		ABD42A1D1A49F27F00870D65 /* PageBuilderDemo */ = {
			isa = PBXNativeTarget;
			buildConfigurationList = ABD42A3C1A49F27F00870D65 /* Build configuration list for PBXNativeTarget "PageBuilderDemo" */;
			buildPhases = (
				ABD42A1A1A49F27F00870D65 /* Sources */,
				ABD42A1B1A49F27F00870D65 /* Frameworks */,
				ABD42A1C1A49F27F00870D65 /* Resources */,
				ABD42A3F1A49F2DB00870D65 /* CopyFiles */,
			);
			buildRules = (
			);
			dependencies = (
			);
			name = PageBuilderDemo;
			productName = PageBuilderDemo;
			productReference = ABD42A1E1A49F27F00870D65 /* PageBuilderDemo.app */;
			productType = "com.apple.product-type.application";
		};
		ABD42A2F1A49F27F00870D65 /* PageBuilderDemoTests */ = {
			isa = PBXNativeTarget;
			buildConfigurationList = ABD42A3D1A49F27F00870D65 /* Build configuration list for PBXNativeTarget "PageBuilderDemoTests" */;
			buildPhases = (
				ABD42A2C1A49F27F00870D65 /* Sources */,
				ABD42A2D1A49F27F00870D65 /* Frameworks */,
				ABD42A2E1A49F27F00870D65 /* Resources */,
			);
			buildRules = (
			);
			dependencies = (
				ABD42A321A49F27F00870D65 /* PBXTargetDependency */,
			);
			name = PageBuilderDemoTests;
			productName = PageBuilderDemoTests;
			productReference = ABD42A301A49F27F00870D65 /* PageBuilderDemoTests.xctest */;
			productType = "com.apple.product-type.bundle.unit-test";
		};
/* End PBXNativeTarget section */

/* Begin PBXProject section */
		ABD2517A1A4994DD00BB4BFC /* Project object */ = {
			isa = PBXProject;
			attributes = {
				LastUpgradeCheck = 0930;
				ORGANIZATIONNAME = "Thesaurus Software";
				TargetAttributes = {
					ABD251821A4994DD00BB4BFC = {
						CreatedOnToolsVersion = 6.1.1;
					};
					ABD2518D1A4994DD00BB4BFC = {
						CreatedOnToolsVersion = 6.1.1;
					};
					ABD42A1D1A49F27F00870D65 = {
						CreatedOnToolsVersion = 6.1.1;
						DevelopmentTeam = 963FKU52U4;
						DevelopmentTeamName = "Thesaurus Software Ltd";
						ProvisioningStyle = Automatic;
					};
					ABD42A2F1A49F27F00870D65 = {
						CreatedOnToolsVersion = 6.1.1;
						TestTargetID = ABD42A1D1A49F27F00870D65;
					};
				};
			};
			buildConfigurationList = ABD2517D1A4994DD00BB4BFC /* Build configuration list for PBXProject "PDFPageBuilder" */;
			compatibilityVersion = "Xcode 3.2";
			developmentRegion = English;
			hasScannedForEncodings = 0;
			knownRegions = (
				English,
				en,
				Base,
			);
			mainGroup = ABD251791A4994DD00BB4BFC;
			productRefGroup = ABD251841A4994DD00BB4BFC /* Products */;
			projectDirPath = "";
			projectRoot = "";
			targets = (
				ABD251821A4994DD00BB4BFC /* PDFPageBuilder */,
				ABD2518D1A4994DD00BB4BFC /* PDFPageBuilderTests */,
				ABD42A1D1A49F27F00870D65 /* PageBuilderDemo */,
				ABD42A2F1A49F27F00870D65 /* PageBuilderDemoTests */,
			);
		};
/* End PBXProject section */

/* Begin PBXResourcesBuildPhase section */
		ABD251811A4994DD00BB4BFC /* Resources */ = {
			isa = PBXResourcesBuildPhase;
			buildActionMask = 2147483647;
			files = (
			);
			runOnlyForDeploymentPostprocessing = 0;
		};
		ABD2518C1A4994DD00BB4BFC /* Resources */ = {
			isa = PBXResourcesBuildPhase;
			buildActionMask = 2147483647;
			files = (
			);
			runOnlyForDeploymentPostprocessing = 0;
		};
		ABD42A1C1A49F27F00870D65 /* Resources */ = {
			isa = PBXResourcesBuildPhase;
			buildActionMask = 2147483647;
			files = (
				ABD42A491A4A073C00870D65 /* DemoLogo.jpeg in Resources */,
				ABD42A441A49F3F900870D65 /* Demo-A4.pdf in Resources */,
				ABD42A421A49F3D200870D65 /* Demo-A4.map.xml in Resources */,
				ABD42A281A49F27F00870D65 /* Images.xcassets in Resources */,
				ABD42A2B1A49F27F00870D65 /* MainMenu.xib in Resources */,
			);
			runOnlyForDeploymentPostprocessing = 0;
		};
		ABD42A2E1A49F27F00870D65 /* Resources */ = {
			isa = PBXResourcesBuildPhase;
			buildActionMask = 2147483647;
			files = (
			);
			runOnlyForDeploymentPostprocessing = 0;
		};
/* End PBXResourcesBuildPhase section */

/* Begin PBXSourcesBuildPhase section */
		ABD2517E1A4994DD00BB4BFC /* Sources */ = {
			isa = PBXSourcesBuildPhase;
			buildActionMask = 2147483647;
			files = (
				ABF40C1C1A49B8D30070368E /* NSRegularExpression+PageBuilder.m in Sources */,
				ABF40C2D1A49B8D30070368E /* TSPageTextItem.m in Sources */,
				ABF40C251A49B8D30070368E /* TSPageDoubleAggregator.m in Sources */,
				AB22FF471A928B8900D971EA /* TSPageNumberFormatter.m in Sources */,
				ABF40C1A1A49B8D30070368E /* NSMutableArray+PageBuilder.m in Sources */,
				ABF40C141A49B8D30070368E /* NSAttributedString+PageBuilder.m in Sources */,
				ABF40C271A49B8D30070368E /* TSPageImageItem.m in Sources */,
				ABF40C2F1A49B8D30070368E /* TSPDFDocument.m in Sources */,
				AB33686820DBF2A2002A4707 /* NSMutableAttributedString+PageBuilder.m in Sources */,
				ABF40C181A49B8D30070368E /* NSDate+PageBuilder.m in Sources */,
				ABF40C291A49B8D30070368E /* TSPageItem.m in Sources */,
				ABF40C201A49B8D30070368E /* NSXMLElement+PageBuilder.m in Sources */,
				ABF40C2B1A49B8D30070368E /* TSPageSpacingAggregator.m in Sources */,
				ABF40C231A49B8D30070368E /* TSPageBuilder.m in Sources */,
				ABF40C311A49B8D30070368E /* TSPDFPage.m in Sources */,
				ABF40C1E1A49B8D30070368E /* NSString+PageBuilder.m in Sources */,
				ABF40C161A49B8D30070368E /* NSColor+PageBuilder.m in Sources */,
			);
			runOnlyForDeploymentPostprocessing = 0;
		};
		ABD2518A1A4994DD00BB4BFC /* Sources */ = {
			isa = PBXSourcesBuildPhase;
			buildActionMask = 2147483647;
			files = (
				ABD251961A4994DD00BB4BFC /* PDFPageBuilderTests.m in Sources */,
			);
			runOnlyForDeploymentPostprocessing = 0;
		};
		ABD42A1A1A49F27F00870D65 /* Sources */ = {
			isa = PBXSourcesBuildPhase;
			buildActionMask = 2147483647;
			files = (
				ABD42A261A49F27F00870D65 /* main.m in Sources */,
				ABD42A241A49F27F00870D65 /* AppDelegate.m in Sources */,
				ABD42A471A49FB8600870D65 /* DemoPDFDocument.m in Sources */,
			);
			runOnlyForDeploymentPostprocessing = 0;
		};
		ABD42A2C1A49F27F00870D65 /* Sources */ = {
			isa = PBXSourcesBuildPhase;
			buildActionMask = 2147483647;
			files = (
				ABD42A371A49F27F00870D65 /* PageBuilderDemoTests.m in Sources */,
			);
			runOnlyForDeploymentPostprocessing = 0;
		};
/* End PBXSourcesBuildPhase section */

/* Begin PBXTargetDependency section */
		ABD251911A4994DD00BB4BFC /* PBXTargetDependency */ = {
			isa = PBXTargetDependency;
			target = ABD251821A4994DD00BB4BFC /* PDFPageBuilder */;
			targetProxy = ABD251901A4994DD00BB4BFC /* PBXContainerItemProxy */;
		};
		ABD42A321A49F27F00870D65 /* PBXTargetDependency */ = {
			isa = PBXTargetDependency;
			target = ABD42A1D1A49F27F00870D65 /* PageBuilderDemo */;
			targetProxy = ABD42A311A49F27F00870D65 /* PBXContainerItemProxy */;
		};
/* End PBXTargetDependency section */

/* Begin PBXVariantGroup section */
		ABD42A291A49F27F00870D65 /* MainMenu.xib */ = {
			isa = PBXVariantGroup;
			children = (
				ABD42A2A1A49F27F00870D65 /* Base */,
			);
			name = MainMenu.xib;
			sourceTree = "<group>";
		};
/* End PBXVariantGroup section */

/* Begin XCBuildConfiguration section */
		ABD251971A4994DD00BB4BFC /* Debug */ = {
			isa = XCBuildConfiguration;
			buildSettings = {
				ALWAYS_SEARCH_USER_PATHS = NO;
				CLANG_CXX_LANGUAGE_STANDARD = "gnu++0x";
				CLANG_CXX_LIBRARY = "libc++";
				CLANG_ENABLE_MODULES = YES;
				CLANG_ENABLE_OBJC_ARC = YES;
				CLANG_WARN_BLOCK_CAPTURE_AUTORELEASING = YES;
				CLANG_WARN_BOOL_CONVERSION = YES;
				CLANG_WARN_COMMA = YES;
				CLANG_WARN_CONSTANT_CONVERSION = YES;
				CLANG_WARN_DEPRECATED_OBJC_IMPLEMENTATIONS = YES;
				CLANG_WARN_DIRECT_OBJC_ISA_USAGE = YES_ERROR;
				CLANG_WARN_EMPTY_BODY = YES;
				CLANG_WARN_ENUM_CONVERSION = YES;
				CLANG_WARN_INFINITE_RECURSION = YES;
				CLANG_WARN_INT_CONVERSION = YES;
				CLANG_WARN_NON_LITERAL_NULL_CONVERSION = YES;
				CLANG_WARN_OBJC_IMPLICIT_RETAIN_SELF = YES;
				CLANG_WARN_OBJC_LITERAL_CONVERSION = YES;
				CLANG_WARN_OBJC_ROOT_CLASS = YES_ERROR;
				CLANG_WARN_RANGE_LOOP_ANALYSIS = YES;
				CLANG_WARN_STRICT_PROTOTYPES = YES;
				CLANG_WARN_SUSPICIOUS_MOVE = YES;
				CLANG_WARN_UNREACHABLE_CODE = YES;
				CLANG_WARN__DUPLICATE_METHOD_MATCH = YES;
				COPY_PHASE_STRIP = NO;
				CURRENT_PROJECT_VERSION = 1;
				ENABLE_STRICT_OBJC_MSGSEND = YES;
				ENABLE_TESTABILITY = YES;
				GCC_C_LANGUAGE_STANDARD = gnu99;
				GCC_DYNAMIC_NO_PIC = NO;
				GCC_NO_COMMON_BLOCKS = YES;
				GCC_OPTIMIZATION_LEVEL = 0;
				GCC_PREPROCESSOR_DEFINITIONS = (
					"DEBUG=1",
					"$(inherited)",
				);
				GCC_SYMBOLS_PRIVATE_EXTERN = NO;
				GCC_WARN_64_TO_32_BIT_CONVERSION = YES;
				GCC_WARN_ABOUT_RETURN_TYPE = YES_ERROR;
				GCC_WARN_UNDECLARED_SELECTOR = YES;
				GCC_WARN_UNINITIALIZED_AUTOS = YES_AGGRESSIVE;
				GCC_WARN_UNUSED_FUNCTION = YES;
				GCC_WARN_UNUSED_VARIABLE = YES;
				LD_RUNPATH_SEARCH_PATHS = "";
				MACOSX_DEPLOYMENT_TARGET = 10.13;
				MTL_ENABLE_DEBUG_INFO = YES;
				ONLY_ACTIVE_ARCH = YES;
				SDKROOT = "";
				VERSIONING_SYSTEM = "apple-generic";
				VERSION_INFO_PREFIX = "";
			};
			name = Debug;
		};
		ABD251981A4994DD00BB4BFC /* Release */ = {
			isa = XCBuildConfiguration;
			baseConfigurationReference = ABFDF33125656E7300FCFE3F /* macOS-native-arch.xcconfig */;
			buildSettings = {
				ALWAYS_SEARCH_USER_PATHS = NO;
				CLANG_CXX_LANGUAGE_STANDARD = "gnu++0x";
				CLANG_CXX_LIBRARY = "libc++";
				CLANG_ENABLE_MODULES = YES;
				CLANG_ENABLE_OBJC_ARC = YES;
				CLANG_WARN_BLOCK_CAPTURE_AUTORELEASING = YES;
				CLANG_WARN_BOOL_CONVERSION = YES;
				CLANG_WARN_COMMA = YES;
				CLANG_WARN_CONSTANT_CONVERSION = YES;
				CLANG_WARN_DEPRECATED_OBJC_IMPLEMENTATIONS = YES;
				CLANG_WARN_DIRECT_OBJC_ISA_USAGE = YES_ERROR;
				CLANG_WARN_EMPTY_BODY = YES;
				CLANG_WARN_ENUM_CONVERSION = YES;
				CLANG_WARN_INFINITE_RECURSION = YES;
				CLANG_WARN_INT_CONVERSION = YES;
				CLANG_WARN_NON_LITERAL_NULL_CONVERSION = YES;
				CLANG_WARN_OBJC_IMPLICIT_RETAIN_SELF = YES;
				CLANG_WARN_OBJC_LITERAL_CONVERSION = YES;
				CLANG_WARN_OBJC_ROOT_CLASS = YES_ERROR;
				CLANG_WARN_RANGE_LOOP_ANALYSIS = YES;
				CLANG_WARN_STRICT_PROTOTYPES = YES;
				CLANG_WARN_SUSPICIOUS_MOVE = YES;
				CLANG_WARN_UNREACHABLE_CODE = YES;
				CLANG_WARN__DUPLICATE_METHOD_MATCH = YES;
				COPY_PHASE_STRIP = YES;
				CURRENT_PROJECT_VERSION = 1;
				DEBUG_INFORMATION_FORMAT = "dwarf-with-dsym";
				ENABLE_NS_ASSERTIONS = NO;
				ENABLE_STRICT_OBJC_MSGSEND = YES;
				GCC_C_LANGUAGE_STANDARD = gnu99;
				GCC_NO_COMMON_BLOCKS = YES;
				GCC_WARN_64_TO_32_BIT_CONVERSION = YES;
				GCC_WARN_ABOUT_RETURN_TYPE = YES_ERROR;
				GCC_WARN_UNDECLARED_SELECTOR = YES;
				GCC_WARN_UNINITIALIZED_AUTOS = YES_AGGRESSIVE;
				GCC_WARN_UNUSED_FUNCTION = YES;
				GCC_WARN_UNUSED_VARIABLE = YES;
				LD_RUNPATH_SEARCH_PATHS = "";
				MACOSX_DEPLOYMENT_TARGET = 10.13;
				MTL_ENABLE_DEBUG_INFO = NO;
				SDKROOT = "";
				VERSIONING_SYSTEM = "apple-generic";
				VERSION_INFO_PREFIX = "";
			};
			name = Release;
		};
		ABD2519A1A4994DD00BB4BFC /* Debug */ = {
			isa = XCBuildConfiguration;
			buildSettings = {
				COMBINE_HIDPI_IMAGES = YES;
				DEFINES_MODULE = YES;
				DYLIB_COMPATIBILITY_VERSION = 1;
				DYLIB_CURRENT_VERSION = 1;
				DYLIB_INSTALL_NAME_BASE = "@rpath";
				FRAMEWORK_VERSION = A;
				INFOPLIST_FILE = PDFPageBuilder/Info.plist;
				INSTALL_PATH = "@rpath";
				LD_RUNPATH_SEARCH_PATHS = "";
				MACOSX_DEPLOYMENT_TARGET = 10.13;
				PRODUCT_BUNDLE_IDENTIFIER = "com.thesaurussoftware.$(PRODUCT_NAME:rfc1034identifier)";
				PRODUCT_NAME = PDFPageBuilder;
				SKIP_INSTALL = YES;
			};
			name = Debug;
		};
		ABD2519B1A4994DD00BB4BFC /* Release */ = {
			isa = XCBuildConfiguration;
			buildSettings = {
				COMBINE_HIDPI_IMAGES = YES;
				DEFINES_MODULE = YES;
				DYLIB_COMPATIBILITY_VERSION = 1;
				DYLIB_CURRENT_VERSION = 1;
				DYLIB_INSTALL_NAME_BASE = "@rpath";
				FRAMEWORK_VERSION = A;
				INFOPLIST_FILE = PDFPageBuilder/Info.plist;
				INSTALL_PATH = "@rpath";
				LD_RUNPATH_SEARCH_PATHS = "";
				MACOSX_DEPLOYMENT_TARGET = 10.13;
				PRODUCT_BUNDLE_IDENTIFIER = "com.thesaurussoftware.$(PRODUCT_NAME:rfc1034identifier)";
				PRODUCT_NAME = PDFPageBuilder;
				SKIP_INSTALL = YES;
			};
			name = Release;
		};
		ABD2519D1A4994DD00BB4BFC /* Debug */ = {
			isa = XCBuildConfiguration;
			buildSettings = {
				COMBINE_HIDPI_IMAGES = YES;
				FRAMEWORK_SEARCH_PATHS = (
					"$(DEVELOPER_FRAMEWORKS_DIR)",
					"$(inherited)",
				);
				GCC_PREPROCESSOR_DEFINITIONS = (
					"DEBUG=1",
					"$(inherited)",
				);
				INFOPLIST_FILE = PDFPageBuilderTests/Info.plist;
				LD_RUNPATH_SEARCH_PATHS = "$(inherited) @executable_path/../Frameworks @loader_path/../Frameworks";
				PRODUCT_BUNDLE_IDENTIFIER = "com.thesaurussoftware.$(PRODUCT_NAME:rfc1034identifier)";
				PRODUCT_NAME = PDFPageBuilderTests;
			};
			name = Debug;
		};
		ABD2519E1A4994DD00BB4BFC /* Release */ = {
			isa = XCBuildConfiguration;
			buildSettings = {
				COMBINE_HIDPI_IMAGES = YES;
				FRAMEWORK_SEARCH_PATHS = (
					"$(DEVELOPER_FRAMEWORKS_DIR)",
					"$(inherited)",
				);
				INFOPLIST_FILE = PDFPageBuilderTests/Info.plist;
				LD_RUNPATH_SEARCH_PATHS = "$(inherited) @executable_path/../Frameworks @loader_path/../Frameworks";
				PRODUCT_BUNDLE_IDENTIFIER = "com.thesaurussoftware.$(PRODUCT_NAME:rfc1034identifier)";
				PRODUCT_NAME = PDFPageBuilderTests;
			};
			name = Release;
		};
		ABD42A381A49F27F00870D65 /* Debug */ = {
			isa = XCBuildConfiguration;
			buildSettings = {
				ASSETCATALOG_COMPILER_APPICON_NAME = AppIcon;
				COMBINE_HIDPI_IMAGES = YES;
				GCC_PREPROCESSOR_DEFINITIONS = (
					"DEBUG=1",
					"$(inherited)",
				);
				INFOPLIST_FILE = PageBuilderDemo/Info.plist;
				LD_RUNPATH_SEARCH_PATHS = "@executable_path/../Frameworks @loader_path/../Frameworks";
				PRODUCT_BUNDLE_IDENTIFIER = "com.thesaurussoftware.$(PRODUCT_NAME:rfc1034identifier)";
				PRODUCT_NAME = "$(TARGET_NAME)";
				SDKROOT = "";
			};
			name = Debug;
		};
		ABD42A391A49F27F00870D65 /* Release */ = {
			isa = XCBuildConfiguration;
			buildSettings = {
				ASSETCATALOG_COMPILER_APPICON_NAME = AppIcon;
				COMBINE_HIDPI_IMAGES = YES;
				INFOPLIST_FILE = PageBuilderDemo/Info.plist;
				LD_RUNPATH_SEARCH_PATHS = "@executable_path/../Frameworks @loader_path/../Frameworks";
				PRODUCT_BUNDLE_IDENTIFIER = "com.thesaurussoftware.$(PRODUCT_NAME:rfc1034identifier)";
				PRODUCT_NAME = "$(TARGET_NAME)";
				SDKROOT = "";
			};
			name = Release;
		};
		ABD42A3A1A49F27F00870D65 /* Debug */ = {
			isa = XCBuildConfiguration;
			buildSettings = {
				BUNDLE_LOADER = "$(TEST_HOST)";
				COMBINE_HIDPI_IMAGES = YES;
				FRAMEWORK_SEARCH_PATHS = (
					"$(DEVELOPER_FRAMEWORKS_DIR)",
					"$(inherited)",
				);
				GCC_PREPROCESSOR_DEFINITIONS = (
					"DEBUG=1",
					"$(inherited)",
				);
				INFOPLIST_FILE = PageBuilderDemoTests/Info.plist;
				LD_RUNPATH_SEARCH_PATHS = "$(inherited) @executable_path/../Frameworks @loader_path/../Frameworks";
				PRODUCT_BUNDLE_IDENTIFIER = "com.thesaurussoftware.$(PRODUCT_NAME:rfc1034identifier)";
				PRODUCT_NAME = "$(TARGET_NAME)";
				SDKROOT = "";
				TEST_HOST = "$(BUILT_PRODUCTS_DIR)/PageBuilderDemo.app/Contents/MacOS/PageBuilderDemo";
			};
			name = Debug;
		};
		ABD42A3B1A49F27F00870D65 /* Release */ = {
			isa = XCBuildConfiguration;
			buildSettings = {
				BUNDLE_LOADER = "$(TEST_HOST)";
				COMBINE_HIDPI_IMAGES = YES;
				FRAMEWORK_SEARCH_PATHS = (
					"$(DEVELOPER_FRAMEWORKS_DIR)",
					"$(inherited)",
				);
				INFOPLIST_FILE = PageBuilderDemoTests/Info.plist;
				LD_RUNPATH_SEARCH_PATHS = "$(inherited) @executable_path/../Frameworks @loader_path/../Frameworks";
				PRODUCT_BUNDLE_IDENTIFIER = "com.thesaurussoftware.$(PRODUCT_NAME:rfc1034identifier)";
				PRODUCT_NAME = "$(TARGET_NAME)";
				SDKROOT = "";
				TEST_HOST = "$(BUILT_PRODUCTS_DIR)/PageBuilderDemo.app/Contents/MacOS/PageBuilderDemo";
			};
			name = Release;
		};
/* End XCBuildConfiguration section */

/* Begin XCConfigurationList section */
		ABD2517D1A4994DD00BB4BFC /* Build configuration list for PBXProject "PDFPageBuilder" */ = {
			isa = XCConfigurationList;
			buildConfigurations = (
				ABD251971A4994DD00BB4BFC /* Debug */,
				ABD251981A4994DD00BB4BFC /* Release */,
			);
			defaultConfigurationIsVisible = 0;
			defaultConfigurationName = Release;
		};
		ABD251991A4994DD00BB4BFC /* Build configuration list for PBXNativeTarget "PDFPageBuilder" */ = {
			isa = XCConfigurationList;
			buildConfigurations = (
				ABD2519A1A4994DD00BB4BFC /* Debug */,
				ABD2519B1A4994DD00BB4BFC /* Release */,
			);
			defaultConfigurationIsVisible = 0;
			defaultConfigurationName = Release;
		};
		ABD2519C1A4994DD00BB4BFC /* Build configuration list for PBXNativeTarget "PDFPageBuilderTests" */ = {
			isa = XCConfigurationList;
			buildConfigurations = (
				ABD2519D1A4994DD00BB4BFC /* Debug */,
				ABD2519E1A4994DD00BB4BFC /* Release */,
			);
			defaultConfigurationIsVisible = 0;
			defaultConfigurationName = Release;
		};
		ABD42A3C1A49F27F00870D65 /* Build configuration list for PBXNativeTarget "PageBuilderDemo" */ = {
			isa = XCConfigurationList;
			buildConfigurations = (
				ABD42A381A49F27F00870D65 /* Debug */,
				ABD42A391A49F27F00870D65 /* Release */,
			);
			defaultConfigurationIsVisible = 0;
			defaultConfigurationName = Release;
		};
		ABD42A3D1A49F27F00870D65 /* Build configuration list for PBXNativeTarget "PageBuilderDemoTests" */ = {
			isa = XCConfigurationList;
			buildConfigurations = (
				ABD42A3A1A49F27F00870D65 /* Debug */,
				ABD42A3B1A49F27F00870D65 /* Release */,
			);
			defaultConfigurationIsVisible = 0;
			defaultConfigurationName = Release;
		};
/* End XCConfigurationList section */
	};
	rootObject = ABD2517A1A4994DD00BB4BFC /* Project object */;
}
